// !$*UTF8*$!
{
	archiveVersion = 1;
	classes = {
	};
	objectVersion = 55;
	objects = {

/* Begin PBXBuildFile section */
		500B62E727990E7F00EDC58A /* CustomLabels.swift in Sources */ = {isa = PBXBuildFile; fileRef = 500B62E627990E7F00EDC58A /* CustomLabels.swift */; };
		500B62E9279913B600EDC58A /* CustomTextFields.swift in Sources */ = {isa = PBXBuildFile; fileRef = 500B62E8279913B600EDC58A /* CustomTextFields.swift */; };
		500B62EB279919A800EDC58A /* CustomViews.swift in Sources */ = {isa = PBXBuildFile; fileRef = 500B62EA279919A800EDC58A /* CustomViews.swift */; };
		501630352796786A00D0734F /* AppDelegate.swift in Sources */ = {isa = PBXBuildFile; fileRef = 501630342796786A00D0734F /* AppDelegate.swift */; };
		501630372796786A00D0734F /* SceneDelegate.swift in Sources */ = {isa = PBXBuildFile; fileRef = 501630362796786A00D0734F /* SceneDelegate.swift */; };
		501630392796786A00D0734F /* LoginView.swift in Sources */ = {isa = PBXBuildFile; fileRef = 501630382796786A00D0734F /* LoginView.swift */; };
		501630412796786B00D0734F /* LaunchScreen.storyboard in Resources */ = {isa = PBXBuildFile; fileRef = 5016303F2796786B00D0734F /* LaunchScreen.storyboard */; };
		5016304F27968D2100D0734F /* Colors.swift in Sources */ = {isa = PBXBuildFile; fileRef = 5016304E27968D2100D0734F /* Colors.swift */; };
		501D409727A248B900F67C6B /* OrderListCompletedOrdersCell.swift in Sources */ = {isa = PBXBuildFile; fileRef = 501D409627A248B900F67C6B /* OrderListCompletedOrdersCell.swift */; };
		501D409927A26EE200F67C6B /* DetailOrderTableView.swift in Sources */ = {isa = PBXBuildFile; fileRef = 501D409827A26EE200F67C6B /* DetailOrderTableView.swift */; };
		501D409D27A27C2300F67C6B /* ShopSubview.swift in Sources */ = {isa = PBXBuildFile; fileRef = 501D409C27A27C2300F67C6B /* ShopSubview.swift */; };
		501D409F27A27C4B00F67C6B /* ClientSubview.swift in Sources */ = {isa = PBXBuildFile; fileRef = 501D409E27A27C4B00F67C6B /* ClientSubview.swift */; };
		502618B027A78E5A00CEA57C /* LoginPresenter.swift in Sources */ = {isa = PBXBuildFile; fileRef = 502618AF27A78E5A00CEA57C /* LoginPresenter.swift */; };
		502618B227A793FA00CEA57C /* ConfirmLoginPresenter.swift in Sources */ = {isa = PBXBuildFile; fileRef = 502618B127A793FA00CEA57C /* ConfirmLoginPresenter.swift */; };
		502618B427A7957D00CEA57C /* OrdersPresenter.swift in Sources */ = {isa = PBXBuildFile; fileRef = 502618B327A7957D00CEA57C /* OrdersPresenter.swift */; };
		502618B927A7AB1800CEA57C /* OrderListPresenter.swift in Sources */ = {isa = PBXBuildFile; fileRef = 502618B827A7AB1800CEA57C /* OrderListPresenter.swift */; };
		502618BB27A7AEB300CEA57C /* DetailOrderPresenter.swift in Sources */ = {isa = PBXBuildFile; fileRef = 502618BA27A7AEB300CEA57C /* DetailOrderPresenter.swift */; };
		502618BD27A7B18F00CEA57C /* CustomTimer.swift in Sources */ = {isa = PBXBuildFile; fileRef = 502618BC27A7B18F00CEA57C /* CustomTimer.swift */; };
		502618E327A7EA2B00CEA57C /* ShopSubviewPresenter.swift in Sources */ = {isa = PBXBuildFile; fileRef = 502618E227A7EA2A00CEA57C /* ShopSubviewPresenter.swift */; };
		502618E527A7EDC500CEA57C /* ClientSubviewPresenter.swift in Sources */ = {isa = PBXBuildFile; fileRef = 502618E427A7EDC500CEA57C /* ClientSubviewPresenter.swift */; };
		5043316127A0F679000777A9 /* CustomAlerts.swift in Sources */ = {isa = PBXBuildFile; fileRef = 5043316027A0F679000777A9 /* CustomAlerts.swift */; };
		5043316327A0F6D0000777A9 /* CustomSegmentedControl.swift in Sources */ = {isa = PBXBuildFile; fileRef = 5043316227A0F6D0000777A9 /* CustomSegmentedControl.swift */; };
		5062EFC8279A734100E4A686 /* OrderListTableView.swift in Sources */ = {isa = PBXBuildFile; fileRef = 5062EFC7279A734100E4A686 /* OrderListTableView.swift */; };
		5062EFCA279A7CD400E4A686 /* OrderListCell.swift in Sources */ = {isa = PBXBuildFile; fileRef = 5062EFC9279A7CD400E4A686 /* OrderListCell.swift */; };
		5065CCA227993A2700B38BAB /* OrdersView.swift in Sources */ = {isa = PBXBuildFile; fileRef = 5065CCA127993A2700B38BAB /* OrdersView.swift */; };
		5065CCA82799606600B38BAB /* CustomNavigationBars.swift in Sources */ = {isa = PBXBuildFile; fileRef = 5065CCA72799606600B38BAB /* CustomNavigationBars.swift */; };
		5067AEED27A8F36200010950 /* StateSubview.swift in Sources */ = {isa = PBXBuildFile; fileRef = 5067AEEC27A8F36200010950 /* StateSubview.swift */; };
		5086CE762797CD4500972D6B /* ConfirmLoginView.swift in Sources */ = {isa = PBXBuildFile; fileRef = 5086CE752797CD4500972D6B /* ConfirmLoginView.swift */; };
		5093F6C3279EA2E300A53157 /* Assets.xcassets in Resources */ = {isa = PBXBuildFile; fileRef = 5093F6C2279EA2E300A53157 /* Assets.xcassets */; };
		50AD10B02798281000221873 /* CustomButtons.swift in Sources */ = {isa = PBXBuildFile; fileRef = 50AD10AF2798281000221873 /* CustomButtons.swift */; };
/* End PBXBuildFile section */

/* Begin PBXFileReference section */
		500B62E627990E7F00EDC58A /* CustomLabels.swift */ = {isa = PBXFileReference; lastKnownFileType = sourcecode.swift; path = CustomLabels.swift; sourceTree = "<group>"; };
		500B62E8279913B600EDC58A /* CustomTextFields.swift */ = {isa = PBXFileReference; lastKnownFileType = sourcecode.swift; path = CustomTextFields.swift; sourceTree = "<group>"; };
		500B62EA279919A800EDC58A /* CustomViews.swift */ = {isa = PBXFileReference; lastKnownFileType = sourcecode.swift; path = CustomViews.swift; sourceTree = "<group>"; };
		501630312796786A00D0734F /* courier.app */ = {isa = PBXFileReference; explicitFileType = wrapper.application; includeInIndex = 0; path = courier.app; sourceTree = BUILT_PRODUCTS_DIR; };
		501630342796786A00D0734F /* AppDelegate.swift */ = {isa = PBXFileReference; lastKnownFileType = sourcecode.swift; path = AppDelegate.swift; sourceTree = "<group>"; };
		501630362796786A00D0734F /* SceneDelegate.swift */ = {isa = PBXFileReference; lastKnownFileType = sourcecode.swift; path = SceneDelegate.swift; sourceTree = "<group>"; };
		501630382796786A00D0734F /* LoginView.swift */ = {isa = PBXFileReference; lastKnownFileType = sourcecode.swift; path = LoginView.swift; sourceTree = "<group>"; };
		501630402796786B00D0734F /* Base */ = {isa = PBXFileReference; lastKnownFileType = file.storyboard; name = Base; path = Base.lproj/LaunchScreen.storyboard; sourceTree = "<group>"; };
		501630422796786B00D0734F /* Info.plist */ = {isa = PBXFileReference; lastKnownFileType = text.plist.xml; path = Info.plist; sourceTree = "<group>"; };
		5016304E27968D2100D0734F /* Colors.swift */ = {isa = PBXFileReference; lastKnownFileType = sourcecode.swift; path = Colors.swift; sourceTree = "<group>"; };
		501D409627A248B900F67C6B /* OrderListCompletedOrdersCell.swift */ = {isa = PBXFileReference; lastKnownFileType = sourcecode.swift; path = OrderListCompletedOrdersCell.swift; sourceTree = "<group>"; };
		501D409827A26EE200F67C6B /* DetailOrderTableView.swift */ = {isa = PBXFileReference; lastKnownFileType = sourcecode.swift; path = DetailOrderTableView.swift; sourceTree = "<group>"; };
		501D409C27A27C2300F67C6B /* ShopSubview.swift */ = {isa = PBXFileReference; lastKnownFileType = sourcecode.swift; path = ShopSubview.swift; sourceTree = "<group>"; };
		501D409E27A27C4B00F67C6B /* ClientSubview.swift */ = {isa = PBXFileReference; lastKnownFileType = sourcecode.swift; path = ClientSubview.swift; sourceTree = "<group>"; };
		502618AF27A78E5A00CEA57C /* LoginPresenter.swift */ = {isa = PBXFileReference; lastKnownFileType = sourcecode.swift; path = LoginPresenter.swift; sourceTree = "<group>"; };
		502618B127A793FA00CEA57C /* ConfirmLoginPresenter.swift */ = {isa = PBXFileReference; lastKnownFileType = sourcecode.swift; path = ConfirmLoginPresenter.swift; sourceTree = "<group>"; };
		502618B327A7957D00CEA57C /* OrdersPresenter.swift */ = {isa = PBXFileReference; lastKnownFileType = sourcecode.swift; path = OrdersPresenter.swift; sourceTree = "<group>"; };
		502618B827A7AB1800CEA57C /* OrderListPresenter.swift */ = {isa = PBXFileReference; lastKnownFileType = sourcecode.swift; path = OrderListPresenter.swift; sourceTree = "<group>"; };
		502618BA27A7AEB300CEA57C /* DetailOrderPresenter.swift */ = {isa = PBXFileReference; lastKnownFileType = sourcecode.swift; path = DetailOrderPresenter.swift; sourceTree = "<group>"; };
		502618BC27A7B18F00CEA57C /* CustomTimer.swift */ = {isa = PBXFileReference; lastKnownFileType = sourcecode.swift; path = CustomTimer.swift; sourceTree = "<group>"; };
		502618E227A7EA2A00CEA57C /* ShopSubviewPresenter.swift */ = {isa = PBXFileReference; lastKnownFileType = sourcecode.swift; path = ShopSubviewPresenter.swift; sourceTree = "<group>"; };
		502618E427A7EDC500CEA57C /* ClientSubviewPresenter.swift */ = {isa = PBXFileReference; lastKnownFileType = sourcecode.swift; path = ClientSubviewPresenter.swift; sourceTree = "<group>"; };
		5043316027A0F679000777A9 /* CustomAlerts.swift */ = {isa = PBXFileReference; lastKnownFileType = sourcecode.swift; path = CustomAlerts.swift; sourceTree = "<group>"; };
		5043316227A0F6D0000777A9 /* CustomSegmentedControl.swift */ = {isa = PBXFileReference; lastKnownFileType = sourcecode.swift; path = CustomSegmentedControl.swift; sourceTree = "<group>"; };
		5062EFC7279A734100E4A686 /* OrderListTableView.swift */ = {isa = PBXFileReference; lastKnownFileType = sourcecode.swift; path = OrderListTableView.swift; sourceTree = "<group>"; };
		5062EFC9279A7CD400E4A686 /* OrderListCell.swift */ = {isa = PBXFileReference; lastKnownFileType = sourcecode.swift; path = OrderListCell.swift; sourceTree = "<group>"; };
		5065CCA127993A2700B38BAB /* OrdersView.swift */ = {isa = PBXFileReference; lastKnownFileType = sourcecode.swift; path = OrdersView.swift; sourceTree = "<group>"; };
		5065CCA72799606600B38BAB /* CustomNavigationBars.swift */ = {isa = PBXFileReference; lastKnownFileType = sourcecode.swift; path = CustomNavigationBars.swift; sourceTree = "<group>"; };
		5067AEEC27A8F36200010950 /* StateSubview.swift */ = {isa = PBXFileReference; lastKnownFileType = sourcecode.swift; path = StateSubview.swift; sourceTree = "<group>"; };
		5086CE752797CD4500972D6B /* ConfirmLoginView.swift */ = {isa = PBXFileReference; lastKnownFileType = sourcecode.swift; path = ConfirmLoginView.swift; sourceTree = "<group>"; };
		5093F6C2279EA2E300A53157 /* Assets.xcassets */ = {isa = PBXFileReference; lastKnownFileType = folder.assetcatalog; path = Assets.xcassets; sourceTree = "<group>"; };
		50AD10AF2798281000221873 /* CustomButtons.swift */ = {isa = PBXFileReference; lastKnownFileType = sourcecode.swift; path = CustomButtons.swift; sourceTree = "<group>"; };
/* End PBXFileReference section */

/* Begin PBXFrameworksBuildPhase section */
		5016302E2796786A00D0734F /* Frameworks */ = {
			isa = PBXFrameworksBuildPhase;
			buildActionMask = 2147483647;
			files = (
			);
			runOnlyForDeploymentPostprocessing = 0;
		};
/* End PBXFrameworksBuildPhase section */

/* Begin PBXGroup section */
		501630282796786A00D0734F = {
			isa = PBXGroup;
			children = (
				501630332796786A00D0734F /* courier */,
				501630322796786A00D0734F /* Products */,
			);
			sourceTree = "<group>";
		};
		501630322796786A00D0734F /* Products */ = {
			isa = PBXGroup;
			children = (
				501630312796786A00D0734F /* courier.app */,
			);
			name = Products;
			sourceTree = "<group>";
		};
		501630332796786A00D0734F /* courier */ = {
			isa = PBXGroup;
			children = (
				502618B527A79B5D00CEA57C /* Constants */,
				5016304827968B4800D0734F /* Models */,
				5016304B27968B7D00D0734F /* Presenters */,
				5016304927968B6000D0734F /* Views */,
				5016304C27968B9D00D0734F /* Support files */,
			);
			path = courier;
			sourceTree = "<group>";
		};
		5016304827968B4800D0734F /* Models */ = {
			isa = PBXGroup;
			children = (
			);
			path = Models;
			sourceTree = "<group>";
		};
		5016304927968B6000D0734F /* Views */ = {
			isa = PBXGroup;
			children = (
				501630512796988000D0734F /* Reusable */,
				50163050279696F500D0734F /* Login */,
				5065CCA02799381300B38BAB /* Orders */,
			);
			path = Views;
			sourceTree = "<group>";
		};
		5016304B27968B7D00D0734F /* Presenters */ = {
			isa = PBXGroup;
			children = (
				502618AF27A78E5A00CEA57C /* LoginPresenter.swift */,
				502618B127A793FA00CEA57C /* ConfirmLoginPresenter.swift */,
				502618B327A7957D00CEA57C /* OrdersPresenter.swift */,
				502618B827A7AB1800CEA57C /* OrderListPresenter.swift */,
				502618BA27A7AEB300CEA57C /* DetailOrderPresenter.swift */,
				502618E227A7EA2A00CEA57C /* ShopSubviewPresenter.swift */,
				502618E427A7EDC500CEA57C /* ClientSubviewPresenter.swift */,
			);
			path = Presenters;
			sourceTree = "<group>";
		};
		5016304C27968B9D00D0734F /* Support files */ = {
			isa = PBXGroup;
			children = (
				501630342796786A00D0734F /* AppDelegate.swift */,
				501630362796786A00D0734F /* SceneDelegate.swift */,
				5016303F2796786B00D0734F /* LaunchScreen.storyboard */,
				501630422796786B00D0734F /* Info.plist */,
				5093F6C2279EA2E300A53157 /* Assets.xcassets */,
			);
			path = "Support files";
			sourceTree = "<group>";
		};
		50163050279696F500D0734F /* Login */ = {
			isa = PBXGroup;
			children = (
				501630382796786A00D0734F /* LoginView.swift */,
				5086CE752797CD4500972D6B /* ConfirmLoginView.swift */,
			);
			path = Login;
			sourceTree = "<group>";
		};
		501630512796988000D0734F /* Reusable */ = {
			isa = PBXGroup;
			children = (
				50AD10AF2798281000221873 /* CustomButtons.swift */,
				500B62E627990E7F00EDC58A /* CustomLabels.swift */,
				500B62E8279913B600EDC58A /* CustomTextFields.swift */,
				500B62EA279919A800EDC58A /* CustomViews.swift */,
				5065CCA72799606600B38BAB /* CustomNavigationBars.swift */,
				5043316027A0F679000777A9 /* CustomAlerts.swift */,
				5043316227A0F6D0000777A9 /* CustomSegmentedControl.swift */,
				502618BC27A7B18F00CEA57C /* CustomTimer.swift */,
			);
			path = Reusable;
			sourceTree = "<group>";
		};
		502618B527A79B5D00CEA57C /* Constants */ = {
			isa = PBXGroup;
			children = (
				5016304E27968D2100D0734F /* Colors.swift */,
			);
			path = Constants;
			sourceTree = "<group>";
		};
		502618B727A7A80400CEA57C /* DetailOrderSubviews */ = {
			isa = PBXGroup;
			children = (
				501D409C27A27C2300F67C6B /* ShopSubview.swift */,
				501D409E27A27C4B00F67C6B /* ClientSubview.swift */,
				5067AEEC27A8F36200010950 /* StateSubview.swift */,
			);
			path = DetailOrderSubviews;
			sourceTree = "<group>";
		};
		5062EFC5279A723B00E4A686 /* TableViews */ = {
			isa = PBXGroup;
			children = (
				5062EFC7279A734100E4A686 /* OrderListTableView.swift */,
				501D409827A26EE200F67C6B /* DetailOrderTableView.swift */,
			);
			path = TableViews;
			sourceTree = "<group>";
		};
		5062EFC6279A725400E4A686 /* TableViewCells */ = {
			isa = PBXGroup;
			children = (
				5062EFC9279A7CD400E4A686 /* OrderListCell.swift */,
				501D409627A248B900F67C6B /* OrderListCompletedOrdersCell.swift */,
			);
			path = TableViewCells;
			sourceTree = "<group>";
		};
		5065CCA02799381300B38BAB /* Orders */ = {
			isa = PBXGroup;
			children = (
				5065CCA127993A2700B38BAB /* OrdersView.swift */,
				5062EFC6279A725400E4A686 /* TableViewCells */,
				5062EFC5279A723B00E4A686 /* TableViews */,
				502618B727A7A80400CEA57C /* DetailOrderSubviews */,
			);
			path = Orders;
			sourceTree = "<group>";
		};
/* End PBXGroup section */

/* Begin PBXNativeTarget section */
		501630302796786A00D0734F /* courier */ = {
			isa = PBXNativeTarget;
			buildConfigurationList = 501630452796786B00D0734F /* Build configuration list for PBXNativeTarget "courier" */;
			buildPhases = (
				5016302D2796786A00D0734F /* Sources */,
				5016302E2796786A00D0734F /* Frameworks */,
				5016302F2796786A00D0734F /* Resources */,
			);
			buildRules = (
			);
			dependencies = (
			);
			name = courier;
			productName = courier;
			productReference = 501630312796786A00D0734F /* courier.app */;
			productType = "com.apple.product-type.application";
		};
/* End PBXNativeTarget section */

/* Begin PBXProject section */
		501630292796786A00D0734F /* Project object */ = {
			isa = PBXProject;
			attributes = {
				BuildIndependentTargetsInParallel = 1;
				LastSwiftUpdateCheck = 1320;
				LastUpgradeCheck = 1320;
				TargetAttributes = {
					501630302796786A00D0734F = {
						CreatedOnToolsVersion = 13.2.1;
					};
				};
			};
			buildConfigurationList = 5016302C2796786A00D0734F /* Build configuration list for PBXProject "courier" */;
			compatibilityVersion = "Xcode 13.0";
			developmentRegion = en;
			hasScannedForEncodings = 0;
			knownRegions = (
				en,
				Base,
			);
			mainGroup = 501630282796786A00D0734F;
			productRefGroup = 501630322796786A00D0734F /* Products */;
			projectDirPath = "";
			projectRoot = "";
			targets = (
				501630302796786A00D0734F /* courier */,
			);
		};
/* End PBXProject section */

/* Begin PBXResourcesBuildPhase section */
		5016302F2796786A00D0734F /* Resources */ = {
			isa = PBXResourcesBuildPhase;
			buildActionMask = 2147483647;
			files = (
				5093F6C3279EA2E300A53157 /* Assets.xcassets in Resources */,
				501630412796786B00D0734F /* LaunchScreen.storyboard in Resources */,
			);
			runOnlyForDeploymentPostprocessing = 0;
		};
/* End PBXResourcesBuildPhase section */

/* Begin PBXSourcesBuildPhase section */
		5016302D2796786A00D0734F /* Sources */ = {
			isa = PBXSourcesBuildPhase;
			buildActionMask = 2147483647;
			files = (
				50AD10B02798281000221873 /* CustomButtons.swift in Sources */,
				501D409D27A27C2300F67C6B /* ShopSubview.swift in Sources */,
				502618B227A793FA00CEA57C /* ConfirmLoginPresenter.swift in Sources */,
				5086CE762797CD4500972D6B /* ConfirmLoginView.swift in Sources */,
				5062EFCA279A7CD400E4A686 /* OrderListCell.swift in Sources */,
				502618B027A78E5A00CEA57C /* LoginPresenter.swift in Sources */,
				5062EFC8279A734100E4A686 /* OrderListTableView.swift in Sources */,
				5067AEED27A8F36200010950 /* StateSubview.swift in Sources */,
				500B62E9279913B600EDC58A /* CustomTextFields.swift in Sources */,
				501D409727A248B900F67C6B /* OrderListCompletedOrdersCell.swift in Sources */,
				500B62E727990E7F00EDC58A /* CustomLabels.swift in Sources */,
				502618B927A7AB1800CEA57C /* OrderListPresenter.swift in Sources */,
				501630392796786A00D0734F /* LoginView.swift in Sources */,
				502618BB27A7AEB300CEA57C /* DetailOrderPresenter.swift in Sources */,
				5065CCA82799606600B38BAB /* CustomNavigationBars.swift in Sources */,
				502618BD27A7B18F00CEA57C /* CustomTimer.swift in Sources */,
				501D409927A26EE200F67C6B /* DetailOrderTableView.swift in Sources */,
				502618B427A7957D00CEA57C /* OrdersPresenter.swift in Sources */,
				5043316327A0F6D0000777A9 /* CustomSegmentedControl.swift in Sources */,
				502618E527A7EDC500CEA57C /* ClientSubviewPresenter.swift in Sources */,
				5065CCA227993A2700B38BAB /* OrdersView.swift in Sources */,
				5043316127A0F679000777A9 /* CustomAlerts.swift in Sources */,
				5016304F27968D2100D0734F /* Colors.swift in Sources */,
				500B62EB279919A800EDC58A /* CustomViews.swift in Sources */,
				501630352796786A00D0734F /* AppDelegate.swift in Sources */,
				501630372796786A00D0734F /* SceneDelegate.swift in Sources */,
				502618E327A7EA2B00CEA57C /* ShopSubviewPresenter.swift in Sources */,
				501D409F27A27C4B00F67C6B /* ClientSubview.swift in Sources */,
			);
			runOnlyForDeploymentPostprocessing = 0;
		};
/* End PBXSourcesBuildPhase section */

/* Begin PBXVariantGroup section */
		5016303F2796786B00D0734F /* LaunchScreen.storyboard */ = {
			isa = PBXVariantGroup;
			children = (
				501630402796786B00D0734F /* Base */,
			);
			name = LaunchScreen.storyboard;
			sourceTree = "<group>";
		};
/* End PBXVariantGroup section */

/* Begin XCBuildConfiguration section */
		501630432796786B00D0734F /* Debug */ = {
			isa = XCBuildConfiguration;
			buildSettings = {
				ALWAYS_SEARCH_USER_PATHS = NO;
				CLANG_ANALYZER_NONNULL = YES;
				CLANG_ANALYZER_NUMBER_OBJECT_CONVERSION = YES_AGGRESSIVE;
				CLANG_CXX_LANGUAGE_STANDARD = "gnu++17";
				CLANG_CXX_LIBRARY = "libc++";
				CLANG_ENABLE_MODULES = YES;
				CLANG_ENABLE_OBJC_ARC = YES;
				CLANG_ENABLE_OBJC_WEAK = YES;
				CLANG_WARN_BLOCK_CAPTURE_AUTORELEASING = YES;
				CLANG_WARN_BOOL_CONVERSION = YES;
				CLANG_WARN_COMMA = YES;
				CLANG_WARN_CONSTANT_CONVERSION = YES;
				CLANG_WARN_DEPRECATED_OBJC_IMPLEMENTATIONS = YES;
				CLANG_WARN_DIRECT_OBJC_ISA_USAGE = YES_ERROR;
				CLANG_WARN_DOCUMENTATION_COMMENTS = YES;
				CLANG_WARN_EMPTY_BODY = YES;
				CLANG_WARN_ENUM_CONVERSION = YES;
				CLANG_WARN_INFINITE_RECURSION = YES;
				CLANG_WARN_INT_CONVERSION = YES;
				CLANG_WARN_NON_LITERAL_NULL_CONVERSION = YES;
				CLANG_WARN_OBJC_IMPLICIT_RETAIN_SELF = YES;
				CLANG_WARN_OBJC_LITERAL_CONVERSION = YES;
				CLANG_WARN_OBJC_ROOT_CLASS = YES_ERROR;
				CLANG_WARN_QUOTED_INCLUDE_IN_FRAMEWORK_HEADER = YES;
				CLANG_WARN_RANGE_LOOP_ANALYSIS = YES;
				CLANG_WARN_STRICT_PROTOTYPES = YES;
				CLANG_WARN_SUSPICIOUS_MOVE = YES;
				CLANG_WARN_UNGUARDED_AVAILABILITY = YES_AGGRESSIVE;
				CLANG_WARN_UNREACHABLE_CODE = YES;
				CLANG_WARN__DUPLICATE_METHOD_MATCH = YES;
				COPY_PHASE_STRIP = NO;
				DEBUG_INFORMATION_FORMAT = dwarf;
				ENABLE_STRICT_OBJC_MSGSEND = YES;
				ENABLE_TESTABILITY = YES;
				GCC_C_LANGUAGE_STANDARD = gnu11;
				GCC_DYNAMIC_NO_PIC = NO;
				GCC_NO_COMMON_BLOCKS = YES;
				GCC_OPTIMIZATION_LEVEL = 0;
				GCC_PREPROCESSOR_DEFINITIONS = (
					"DEBUG=1",
					"$(inherited)",
				);
				GCC_WARN_64_TO_32_BIT_CONVERSION = YES;
				GCC_WARN_ABOUT_RETURN_TYPE = YES_ERROR;
				GCC_WARN_UNDECLARED_SELECTOR = YES;
				GCC_WARN_UNINITIALIZED_AUTOS = YES_AGGRESSIVE;
				GCC_WARN_UNUSED_FUNCTION = YES;
				GCC_WARN_UNUSED_VARIABLE = YES;
				IPHONEOS_DEPLOYMENT_TARGET = 15.2;
				MTL_ENABLE_DEBUG_INFO = INCLUDE_SOURCE;
				MTL_FAST_MATH = YES;
				ONLY_ACTIVE_ARCH = YES;
				SDKROOT = iphoneos;
				SWIFT_ACTIVE_COMPILATION_CONDITIONS = DEBUG;
				SWIFT_OPTIMIZATION_LEVEL = "-Onone";
			};
			name = Debug;
		};
		501630442796786B00D0734F /* Release */ = {
			isa = XCBuildConfiguration;
			buildSettings = {
				ALWAYS_SEARCH_USER_PATHS = NO;
				CLANG_ANALYZER_NONNULL = YES;
				CLANG_ANALYZER_NUMBER_OBJECT_CONVERSION = YES_AGGRESSIVE;
				CLANG_CXX_LANGUAGE_STANDARD = "gnu++17";
				CLANG_CXX_LIBRARY = "libc++";
				CLANG_ENABLE_MODULES = YES;
				CLANG_ENABLE_OBJC_ARC = YES;
				CLANG_ENABLE_OBJC_WEAK = YES;
				CLANG_WARN_BLOCK_CAPTURE_AUTORELEASING = YES;
				CLANG_WARN_BOOL_CONVERSION = YES;
				CLANG_WARN_COMMA = YES;
				CLANG_WARN_CONSTANT_CONVERSION = YES;
				CLANG_WARN_DEPRECATED_OBJC_IMPLEMENTATIONS = YES;
				CLANG_WARN_DIRECT_OBJC_ISA_USAGE = YES_ERROR;
				CLANG_WARN_DOCUMENTATION_COMMENTS = YES;
				CLANG_WARN_EMPTY_BODY = YES;
				CLANG_WARN_ENUM_CONVERSION = YES;
				CLANG_WARN_INFINITE_RECURSION = YES;
				CLANG_WARN_INT_CONVERSION = YES;
				CLANG_WARN_NON_LITERAL_NULL_CONVERSION = YES;
				CLANG_WARN_OBJC_IMPLICIT_RETAIN_SELF = YES;
				CLANG_WARN_OBJC_LITERAL_CONVERSION = YES;
				CLANG_WARN_OBJC_ROOT_CLASS = YES_ERROR;
				CLANG_WARN_QUOTED_INCLUDE_IN_FRAMEWORK_HEADER = YES;
				CLANG_WARN_RANGE_LOOP_ANALYSIS = YES;
				CLANG_WARN_STRICT_PROTOTYPES = YES;
				CLANG_WARN_SUSPICIOUS_MOVE = YES;
				CLANG_WARN_UNGUARDED_AVAILABILITY = YES_AGGRESSIVE;
				CLANG_WARN_UNREACHABLE_CODE = YES;
				CLANG_WARN__DUPLICATE_METHOD_MATCH = YES;
				COPY_PHASE_STRIP = NO;
				DEBUG_INFORMATION_FORMAT = "dwarf-with-dsym";
				ENABLE_NS_ASSERTIONS = NO;
				ENABLE_STRICT_OBJC_MSGSEND = YES;
				GCC_C_LANGUAGE_STANDARD = gnu11;
				GCC_NO_COMMON_BLOCKS = YES;
				GCC_WARN_64_TO_32_BIT_CONVERSION = YES;
				GCC_WARN_ABOUT_RETURN_TYPE = YES_ERROR;
				GCC_WARN_UNDECLARED_SELECTOR = YES;
				GCC_WARN_UNINITIALIZED_AUTOS = YES_AGGRESSIVE;
				GCC_WARN_UNUSED_FUNCTION = YES;
				GCC_WARN_UNUSED_VARIABLE = YES;
				IPHONEOS_DEPLOYMENT_TARGET = 15.2;
				MTL_ENABLE_DEBUG_INFO = NO;
				MTL_FAST_MATH = YES;
				SDKROOT = iphoneos;
				SWIFT_COMPILATION_MODE = wholemodule;
				SWIFT_OPTIMIZATION_LEVEL = "-O";
				VALIDATE_PRODUCT = YES;
			};
			name = Release;
		};
		501630462796786B00D0734F /* Debug */ = {
			isa = XCBuildConfiguration;
			buildSettings = {
				ASSETCATALOG_COMPILER_APPICON_NAME = AppIcon;
				ASSETCATALOG_COMPILER_GLOBAL_ACCENT_COLOR_NAME = AccentColor;
				CODE_SIGN_STYLE = Automatic;
				CURRENT_PROJECT_VERSION = 1;
				DEVELOPMENT_TEAM = MNLX298A3Y;
				GENERATE_INFOPLIST_FILE = YES;
				INFOPLIST_FILE = "courier/Support files/Info.plist";
				INFOPLIST_KEY_UIApplicationSupportsIndirectInputEvents = YES;
				INFOPLIST_KEY_UILaunchStoryboardName = LaunchScreen;
				INFOPLIST_KEY_UISupportedInterfaceOrientations = UIInterfaceOrientationPortrait;
				INFOPLIST_KEY_UISupportedInterfaceOrientations_iPad = "UIInterfaceOrientationPortrait UIInterfaceOrientationPortraitUpsideDown UIInterfaceOrientationLandscapeLeft UIInterfaceOrientationLandscapeRight";
				INFOPLIST_KEY_UISupportedInterfaceOrientations_iPhone = "UIInterfaceOrientationPortrait UIInterfaceOrientationLandscapeLeft UIInterfaceOrientationLandscapeRight";
				IPHONEOS_DEPLOYMENT_TARGET = 10.0;
				LD_RUNPATH_SEARCH_PATHS = (
					"$(inherited)",
					"@executable_path/Frameworks",
				);
				MARKETING_VERSION = 1.0;
				PRODUCT_BUNDLE_IDENTIFIER = kz.emenu.courierr;
				PRODUCT_NAME = "$(TARGET_NAME)";
				SWIFT_EMIT_LOC_STRINGS = YES;
				SWIFT_VERSION = 5.0;
				TARGETED_DEVICE_FAMILY = 1;
			};
			name = Debug;
		};
		501630472796786B00D0734F /* Release */ = {
			isa = XCBuildConfiguration;
			buildSettings = {
				ASSETCATALOG_COMPILER_APPICON_NAME = AppIcon;
				ASSETCATALOG_COMPILER_GLOBAL_ACCENT_COLOR_NAME = AccentColor;
				CODE_SIGN_STYLE = Automatic;
				CURRENT_PROJECT_VERSION = 1;
				DEVELOPMENT_TEAM = MNLX298A3Y;
				GENERATE_INFOPLIST_FILE = YES;
				INFOPLIST_FILE = "courier/Support files/Info.plist";
				INFOPLIST_KEY_UIApplicationSupportsIndirectInputEvents = YES;
				INFOPLIST_KEY_UILaunchStoryboardName = LaunchScreen;
				INFOPLIST_KEY_UISupportedInterfaceOrientations = UIInterfaceOrientationPortrait;
				INFOPLIST_KEY_UISupportedInterfaceOrientations_iPad = "UIInterfaceOrientationPortrait UIInterfaceOrientationPortraitUpsideDown UIInterfaceOrientationLandscapeLeft UIInterfaceOrientationLandscapeRight";
				INFOPLIST_KEY_UISupportedInterfaceOrientations_iPhone = "UIInterfaceOrientationPortrait UIInterfaceOrientationLandscapeLeft UIInterfaceOrientationLandscapeRight";
				IPHONEOS_DEPLOYMENT_TARGET = 10.0;
				LD_RUNPATH_SEARCH_PATHS = (
					"$(inherited)",
					"@executable_path/Frameworks",
				);
				MARKETING_VERSION = 1.0;
				PRODUCT_BUNDLE_IDENTIFIER = kz.emenu.courierr;
				PRODUCT_NAME = "$(TARGET_NAME)";
				SWIFT_EMIT_LOC_STRINGS = YES;
				SWIFT_VERSION = 5.0;
				TARGETED_DEVICE_FAMILY = 1;
			};
			name = Release;
		};
/* End XCBuildConfiguration section */

/* Begin XCConfigurationList section */
		5016302C2796786A00D0734F /* Build configuration list for PBXProject "courier" */ = {
			isa = XCConfigurationList;
			buildConfigurations = (
				501630432796786B00D0734F /* Debug */,
				501630442796786B00D0734F /* Release */,
			);
			defaultConfigurationIsVisible = 0;
			defaultConfigurationName = Release;
		};
		501630452796786B00D0734F /* Build configuration list for PBXNativeTarget "courier" */ = {
			isa = XCConfigurationList;
			buildConfigurations = (
				501630462796786B00D0734F /* Debug */,
				501630472796786B00D0734F /* Release */,
			);
			defaultConfigurationIsVisible = 0;
			defaultConfigurationName = Release;
		};
/* End XCConfigurationList section */
	};
	rootObject = 501630292796786A00D0734F /* Project object */;
}
