// !$*UTF8*$!
{
	archiveVersion = 1;
	classes = {
	};
	objectVersion = 55;
	objects = {

/* Begin PBXBuildFile section */
		3F2893DFB2CA845865BD17AB /* Pods_courier.framework in Frameworks */ = {isa = PBXBuildFile; fileRef = 44FF9F942C8704EC956AF11B /* Pods_courier.framework */; };
		5006FCE427BA24A90047DD6A /* ApiService.swift in Sources */ = {isa = PBXBuildFile; fileRef = 5006FCE327BA24A90047DD6A /* ApiService.swift */; };
		5006FCE827BA69BB0047DD6A /* MVPController.swift in Sources */ = {isa = PBXBuildFile; fileRef = 5006FCE727BA69BB0047DD6A /* MVPController.swift */; };
		5006FCED27BA70990047DD6A /* ErrorResponse.swift in Sources */ = {isa = PBXBuildFile; fileRef = 5006FCEC27BA70990047DD6A /* ErrorResponse.swift */; };
		50096DF927BF591300ED9769 /* TabBarPresenter.swift in Sources */ = {isa = PBXBuildFile; fileRef = 50096DF827BF591300ED9769 /* TabBarPresenter.swift */; };
		500B62E727990E7F00EDC58A /* CustomLabels.swift in Sources */ = {isa = PBXBuildFile; fileRef = 500B62E627990E7F00EDC58A /* CustomLabels.swift */; };
		500B62E9279913B600EDC58A /* CustomTextFields.swift in Sources */ = {isa = PBXBuildFile; fileRef = 500B62E8279913B600EDC58A /* CustomTextFields.swift */; };
		500B62EB279919A800EDC58A /* CustomViews.swift in Sources */ = {isa = PBXBuildFile; fileRef = 500B62EA279919A800EDC58A /* CustomViews.swift */; };
		501630352796786A00D0734F /* AppDelegate.swift in Sources */ = {isa = PBXBuildFile; fileRef = 501630342796786A00D0734F /* AppDelegate.swift */; };
		501630372796786A00D0734F /* SceneDelegate.swift in Sources */ = {isa = PBXBuildFile; fileRef = 501630362796786A00D0734F /* SceneDelegate.swift */; };
		501630392796786A00D0734F /* LoginView.swift in Sources */ = {isa = PBXBuildFile; fileRef = 501630382796786A00D0734F /* LoginView.swift */; };
		501630412796786B00D0734F /* LaunchScreen.storyboard in Resources */ = {isa = PBXBuildFile; fileRef = 5016303F2796786B00D0734F /* LaunchScreen.storyboard */; };
		5016304F27968D2100D0734F /* Colors.swift in Sources */ = {isa = PBXBuildFile; fileRef = 5016304E27968D2100D0734F /* Colors.swift */; };
		5017ABB127B00A1800C60897 /* ScheduleWeekTableView.swift in Sources */ = {isa = PBXBuildFile; fileRef = 5017ABB027B00A1800C60897 /* ScheduleWeekTableView.swift */; };
		5017ABB327B00A4400C60897 /* ScheduleWeekCell.swift in Sources */ = {isa = PBXBuildFile; fileRef = 5017ABB227B00A4400C60897 /* ScheduleWeekCell.swift */; };
		501CE7C427AA46D600C8DC05 /* DetailOrderCell.swift in Sources */ = {isa = PBXBuildFile; fileRef = 501CE7C327AA46D600C8DC05 /* DetailOrderCell.swift */; };
		501CE7C827AA88B700C8DC05 /* ThanksView.swift in Sources */ = {isa = PBXBuildFile; fileRef = 501CE7C727AA88B700C8DC05 /* ThanksView.swift */; };
		501D409727A248B900F67C6B /* OrderListCompletedOrdersCell.swift in Sources */ = {isa = PBXBuildFile; fileRef = 501D409627A248B900F67C6B /* OrderListCompletedOrdersCell.swift */; };
		501D409927A26EE200F67C6B /* DetailOrderTableView.swift in Sources */ = {isa = PBXBuildFile; fileRef = 501D409827A26EE200F67C6B /* DetailOrderTableView.swift */; };
		501D409D27A27C2300F67C6B /* ShopSubview.swift in Sources */ = {isa = PBXBuildFile; fileRef = 501D409C27A27C2300F67C6B /* ShopSubview.swift */; };
		501D409F27A27C4B00F67C6B /* ClientSubview.swift in Sources */ = {isa = PBXBuildFile; fileRef = 501D409E27A27C4B00F67C6B /* ClientSubview.swift */; };
		50217C4927CF1B630066C3F0 /* PhoneNumberFormatter.swift in Sources */ = {isa = PBXBuildFile; fileRef = 50217C4827CF1B630066C3F0 /* PhoneNumberFormatter.swift */; };
		502618B027A78E5A00CEA57C /* LoginPresenter.swift in Sources */ = {isa = PBXBuildFile; fileRef = 502618AF27A78E5A00CEA57C /* LoginPresenter.swift */; };
		502618B227A793FA00CEA57C /* ConfirmLoginPresenter.swift in Sources */ = {isa = PBXBuildFile; fileRef = 502618B127A793FA00CEA57C /* ConfirmLoginPresenter.swift */; };
		502618B427A7957D00CEA57C /* OrdersPresenter.swift in Sources */ = {isa = PBXBuildFile; fileRef = 502618B327A7957D00CEA57C /* OrdersPresenter.swift */; };
		502618B927A7AB1800CEA57C /* OrderListPresenter.swift in Sources */ = {isa = PBXBuildFile; fileRef = 502618B827A7AB1800CEA57C /* OrderListPresenter.swift */; };
		502618BB27A7AEB300CEA57C /* DetailOrderPresenter.swift in Sources */ = {isa = PBXBuildFile; fileRef = 502618BA27A7AEB300CEA57C /* DetailOrderPresenter.swift */; };
		502618BD27A7B18F00CEA57C /* CustomTimer.swift in Sources */ = {isa = PBXBuildFile; fileRef = 502618BC27A7B18F00CEA57C /* CustomTimer.swift */; };
		502618E327A7EA2B00CEA57C /* ShopSubviewPresenter.swift in Sources */ = {isa = PBXBuildFile; fileRef = 502618E227A7EA2A00CEA57C /* ShopSubviewPresenter.swift */; };
		502618E527A7EDC500CEA57C /* ClientSubviewPresenter.swift in Sources */ = {isa = PBXBuildFile; fileRef = 502618E427A7EDC500CEA57C /* ClientSubviewPresenter.swift */; };
		5030A5B127B4CA2100863939 /* UserDefaultsKeys.swift in Sources */ = {isa = PBXBuildFile; fileRef = 5030A5B027B4CA2100863939 /* UserDefaultsKeys.swift */; };
		5030A5D727B504A000863939 /* CourierOrderResponse.swift in Sources */ = {isa = PBXBuildFile; fileRef = 5030A5D627B504A000863939 /* CourierOrderResponse.swift */; };
		5031835127ACFD22001C9BEB /* HistoryTableView.swift in Sources */ = {isa = PBXBuildFile; fileRef = 5031835027ACFD22001C9BEB /* HistoryTableView.swift */; };
		5031835327ACFD38001C9BEB /* ScheduleTableView.swift in Sources */ = {isa = PBXBuildFile; fileRef = 5031835227ACFD38001C9BEB /* ScheduleTableView.swift */; };
		5031835527ACFD45001C9BEB /* ProfileView.swift in Sources */ = {isa = PBXBuildFile; fileRef = 5031835427ACFD45001C9BEB /* ProfileView.swift */; };
		5031835827ACFDB1001C9BEB /* HistoryCell.swift in Sources */ = {isa = PBXBuildFile; fileRef = 5031835727ACFDB1001C9BEB /* HistoryCell.swift */; };
		5031835A27ACFDD7001C9BEB /* ScheduleCell.swift in Sources */ = {isa = PBXBuildFile; fileRef = 5031835927ACFDD7001C9BEB /* ScheduleCell.swift */; };
		5031835C27ACFF78001C9BEB /* TabBarController.swift in Sources */ = {isa = PBXBuildFile; fileRef = 5031835B27ACFF78001C9BEB /* TabBarController.swift */; };
		5041FE6D27DB4ED800A28CB0 /* ProfilePresenter.swift in Sources */ = {isa = PBXBuildFile; fileRef = 5041FE6C27DB4ED800A28CB0 /* ProfilePresenter.swift */; };
		5041FE6F27DB5ADA00A28CB0 /* CourierSlotResponse.swift in Sources */ = {isa = PBXBuildFile; fileRef = 5041FE6E27DB5ADA00A28CB0 /* CourierSlotResponse.swift */; };
		5043316127A0F679000777A9 /* CustomAlerts.swift in Sources */ = {isa = PBXBuildFile; fileRef = 5043316027A0F679000777A9 /* CustomAlerts.swift */; };
		5043316327A0F6D0000777A9 /* CustomSegmentedControl.swift in Sources */ = {isa = PBXBuildFile; fileRef = 5043316227A0F6D0000777A9 /* CustomSegmentedControl.swift */; };
		50475EE727BCC0FA00AD27E2 /* AlertView.swift in Sources */ = {isa = PBXBuildFile; fileRef = 50475EE627BCC0FA00AD27E2 /* AlertView.swift */; };
		5048D95827FD4BE4005BF3D1 /* LocationService.swift in Sources */ = {isa = PBXBuildFile; fileRef = 5048D95727FD4BE4005BF3D1 /* LocationService.swift */; };
		5053619727EC24B900559006 /* EmployeeResponse.swift in Sources */ = {isa = PBXBuildFile; fileRef = 5053619627EC24B900559006 /* EmployeeResponse.swift */; };
		5062EFC8279A734100E4A686 /* OrderListTableView.swift in Sources */ = {isa = PBXBuildFile; fileRef = 5062EFC7279A734100E4A686 /* OrderListTableView.swift */; };
		5062EFCA279A7CD400E4A686 /* OrderListCell.swift in Sources */ = {isa = PBXBuildFile; fileRef = 5062EFC9279A7CD400E4A686 /* OrderListCell.swift */; };
		5065CCA227993A2700B38BAB /* OrdersView.swift in Sources */ = {isa = PBXBuildFile; fileRef = 5065CCA127993A2700B38BAB /* OrdersView.swift */; };
		5067AEED27A8F36200010950 /* StateSubview.swift in Sources */ = {isa = PBXBuildFile; fileRef = 5067AEEC27A8F36200010950 /* StateSubview.swift */; };
		506D3C6D28093EA40082FB32 /* MessageView.swift in Sources */ = {isa = PBXBuildFile; fileRef = 506D3C6C28093EA40082FB32 /* MessageView.swift */; };
		5070D35427D85AE0008AEC0F /* PickerController.swift in Sources */ = {isa = PBXBuildFile; fileRef = 5070D35327D85AE0008AEC0F /* PickerController.swift */; };
		50759FBD27F18B3F0002F7E3 /* OrderStatusResponse.swift in Sources */ = {isa = PBXBuildFile; fileRef = 50759FBC27F18B3F0002F7E3 /* OrderStatusResponse.swift */; };
		5080760A27FA9A2F008E763B /* ChooseNavigatorView.swift in Sources */ = {isa = PBXBuildFile; fileRef = 5080760927FA9A2F008E763B /* ChooseNavigatorView.swift */; };
		5080760C27FA9A8C008E763B /* ChooseNavigatorPresenter.swift in Sources */ = {isa = PBXBuildFile; fileRef = 5080760B27FA9A8C008E763B /* ChooseNavigatorPresenter.swift */; };
		5085083727D8B4D800D0E15A /* ScheduleFooterView.swift in Sources */ = {isa = PBXBuildFile; fileRef = 5085083627D8B4D800D0E15A /* ScheduleFooterView.swift */; };
		5086CE762797CD4500972D6B /* ConfirmLoginView.swift in Sources */ = {isa = PBXBuildFile; fileRef = 5086CE752797CD4500972D6B /* ConfirmLoginView.swift */; };
		508FA19028052D4900482528 /* NotificationsActions.swift in Sources */ = {isa = PBXBuildFile; fileRef = 508FA18F28052D4900482528 /* NotificationsActions.swift */; };
		509046C82803D58900750FDF /* Notifications.swift in Sources */ = {isa = PBXBuildFile; fileRef = 509046C72803D58900750FDF /* Notifications.swift */; };
		5093F6C3279EA2E300A53157 /* Assets.xcassets in Resources */ = {isa = PBXBuildFile; fileRef = 5093F6C2279EA2E300A53157 /* Assets.xcassets */; };
		50A5731A27B3CF0500E3013F /* NetworkManager.swift in Sources */ = {isa = PBXBuildFile; fileRef = 50A5731927B3CF0500E3013F /* NetworkManager.swift */; };
		50A5731C27B3D89E00E3013F /* UserResponse.swift in Sources */ = {isa = PBXBuildFile; fileRef = 50A5731B27B3D89E00E3013F /* UserResponse.swift */; };
		50AD10B02798281000221873 /* CustomButtons.swift in Sources */ = {isa = PBXBuildFile; fileRef = 50AD10AF2798281000221873 /* CustomButtons.swift */; };
		50C8186A27B6717500AB4C0B /* WaitViewElement.swift in Sources */ = {isa = PBXBuildFile; fileRef = 50C8186927B6717500AB4C0B /* WaitViewElement.swift */; };
		50CBB7B627D9C7D00035DA85 /* HistoryPresenter.swift in Sources */ = {isa = PBXBuildFile; fileRef = 50CBB7B527D9C7D00035DA85 /* HistoryPresenter.swift */; };
		50CBB7BC27D9F19A0035DA85 /* History.swift in Sources */ = {isa = PBXBuildFile; fileRef = 50CBB7BB27D9F19A0035DA85 /* History.swift */; };
		50DDAD8227E18F0F00EF83BC /* DetailOrderTableViewFooter.swift in Sources */ = {isa = PBXBuildFile; fileRef = 50DDAD8127E18F0F00EF83BC /* DetailOrderTableViewFooter.swift */; };
		50DDAD8427E1D55E00EF83BC /* DecimalNumberFormatter.swift in Sources */ = {isa = PBXBuildFile; fileRef = 50DDAD8327E1D55E00EF83BC /* DecimalNumberFormatter.swift */; };
		50DFF72527BBA3860066BB37 /* ErrorView.swift in Sources */ = {isa = PBXBuildFile; fileRef = 50DFF72427BBA3860066BB37 /* ErrorView.swift */; };
		50DFF72727BBA3960066BB37 /* LoadingView.swift in Sources */ = {isa = PBXBuildFile; fileRef = 50DFF72627BBA3960066BB37 /* LoadingView.swift */; };
		50DFF72927BBA3A90066BB37 /* ContentView.swift in Sources */ = {isa = PBXBuildFile; fileRef = 50DFF72827BBA3A90066BB37 /* ContentView.swift */; };
		50FDDEA327C757BD000B71AF /* Schedule.swift in Sources */ = {isa = PBXBuildFile; fileRef = 50FDDEA227C757BD000B71AF /* Schedule.swift */; };
		50FDDEA527C757D4000B71AF /* ScheduleById.swift in Sources */ = {isa = PBXBuildFile; fileRef = 50FDDEA427C757D4000B71AF /* ScheduleById.swift */; };
		50FDDEA727C760FE000B71AF /* SchedulePresenter.swift in Sources */ = {isa = PBXBuildFile; fileRef = 50FDDEA627C760FE000B71AF /* SchedulePresenter.swift */; };
		50FDDEA927C7610F000B71AF /* ScheduleWeekPresenter.swift in Sources */ = {isa = PBXBuildFile; fileRef = 50FDDEA827C7610F000B71AF /* ScheduleWeekPresenter.swift */; };
		50FDDEAB27C78CBA000B71AF /* DateManager.swift in Sources */ = {isa = PBXBuildFile; fileRef = 50FDDEAA27C78CBA000B71AF /* DateManager.swift */; };
		50FFC1CC27B0CAB500478F1D /* ScheduleDayOffCell.swift in Sources */ = {isa = PBXBuildFile; fileRef = 50FFC1CB27B0CAB500478F1D /* ScheduleDayOffCell.swift */; };
/* End PBXBuildFile section */

/* Begin PBXFileReference section */
		44FF9F942C8704EC956AF11B /* Pods_courier.framework */ = {isa = PBXFileReference; explicitFileType = wrapper.framework; includeInIndex = 0; path = Pods_courier.framework; sourceTree = BUILT_PRODUCTS_DIR; };
		5006FCE327BA24A90047DD6A /* ApiService.swift */ = {isa = PBXFileReference; lastKnownFileType = sourcecode.swift; path = ApiService.swift; sourceTree = "<group>"; };
		5006FCE727BA69BB0047DD6A /* MVPController.swift */ = {isa = PBXFileReference; lastKnownFileType = sourcecode.swift; path = MVPController.swift; sourceTree = "<group>"; };
		5006FCEC27BA70990047DD6A /* ErrorResponse.swift */ = {isa = PBXFileReference; lastKnownFileType = sourcecode.swift; path = ErrorResponse.swift; sourceTree = "<group>"; };
		50096DF827BF591300ED9769 /* TabBarPresenter.swift */ = {isa = PBXFileReference; lastKnownFileType = sourcecode.swift; path = TabBarPresenter.swift; sourceTree = "<group>"; };
		500B62E627990E7F00EDC58A /* CustomLabels.swift */ = {isa = PBXFileReference; lastKnownFileType = sourcecode.swift; path = CustomLabels.swift; sourceTree = "<group>"; };
		500B62E8279913B600EDC58A /* CustomTextFields.swift */ = {isa = PBXFileReference; lastKnownFileType = sourcecode.swift; path = CustomTextFields.swift; sourceTree = "<group>"; };
		500B62EA279919A800EDC58A /* CustomViews.swift */ = {isa = PBXFileReference; lastKnownFileType = sourcecode.swift; path = CustomViews.swift; sourceTree = "<group>"; };
		501630312796786A00D0734F /* courier.app */ = {isa = PBXFileReference; explicitFileType = wrapper.application; includeInIndex = 0; path = courier.app; sourceTree = BUILT_PRODUCTS_DIR; };
		501630342796786A00D0734F /* AppDelegate.swift */ = {isa = PBXFileReference; lastKnownFileType = sourcecode.swift; path = AppDelegate.swift; sourceTree = "<group>"; };
		501630362796786A00D0734F /* SceneDelegate.swift */ = {isa = PBXFileReference; lastKnownFileType = sourcecode.swift; path = SceneDelegate.swift; sourceTree = "<group>"; };
		501630382796786A00D0734F /* LoginView.swift */ = {isa = PBXFileReference; lastKnownFileType = sourcecode.swift; path = LoginView.swift; sourceTree = "<group>"; };
		501630402796786B00D0734F /* Base */ = {isa = PBXFileReference; lastKnownFileType = file.storyboard; name = Base; path = Base.lproj/LaunchScreen.storyboard; sourceTree = "<group>"; };
		501630422796786B00D0734F /* Info.plist */ = {isa = PBXFileReference; lastKnownFileType = text.plist.xml; path = Info.plist; sourceTree = "<group>"; };
		5016304E27968D2100D0734F /* Colors.swift */ = {isa = PBXFileReference; lastKnownFileType = sourcecode.swift; path = Colors.swift; sourceTree = "<group>"; };
		5017ABB027B00A1800C60897 /* ScheduleWeekTableView.swift */ = {isa = PBXFileReference; lastKnownFileType = sourcecode.swift; path = ScheduleWeekTableView.swift; sourceTree = "<group>"; };
		5017ABB227B00A4400C60897 /* ScheduleWeekCell.swift */ = {isa = PBXFileReference; lastKnownFileType = sourcecode.swift; path = ScheduleWeekCell.swift; sourceTree = "<group>"; };
		501CE7C327AA46D600C8DC05 /* DetailOrderCell.swift */ = {isa = PBXFileReference; lastKnownFileType = sourcecode.swift; path = DetailOrderCell.swift; sourceTree = "<group>"; };
		501CE7C727AA88B700C8DC05 /* ThanksView.swift */ = {isa = PBXFileReference; lastKnownFileType = sourcecode.swift; path = ThanksView.swift; sourceTree = "<group>"; };
		501D409627A248B900F67C6B /* OrderListCompletedOrdersCell.swift */ = {isa = PBXFileReference; lastKnownFileType = sourcecode.swift; path = OrderListCompletedOrdersCell.swift; sourceTree = "<group>"; };
		501D409827A26EE200F67C6B /* DetailOrderTableView.swift */ = {isa = PBXFileReference; lastKnownFileType = sourcecode.swift; path = DetailOrderTableView.swift; sourceTree = "<group>"; };
		501D409C27A27C2300F67C6B /* ShopSubview.swift */ = {isa = PBXFileReference; lastKnownFileType = sourcecode.swift; path = ShopSubview.swift; sourceTree = "<group>"; };
		501D409E27A27C4B00F67C6B /* ClientSubview.swift */ = {isa = PBXFileReference; lastKnownFileType = sourcecode.swift; path = ClientSubview.swift; sourceTree = "<group>"; };
		50217C4827CF1B630066C3F0 /* PhoneNumberFormatter.swift */ = {isa = PBXFileReference; lastKnownFileType = sourcecode.swift; path = PhoneNumberFormatter.swift; sourceTree = "<group>"; };
		502618AF27A78E5A00CEA57C /* LoginPresenter.swift */ = {isa = PBXFileReference; lastKnownFileType = sourcecode.swift; path = LoginPresenter.swift; sourceTree = "<group>"; };
		502618B127A793FA00CEA57C /* ConfirmLoginPresenter.swift */ = {isa = PBXFileReference; lastKnownFileType = sourcecode.swift; path = ConfirmLoginPresenter.swift; sourceTree = "<group>"; };
		502618B327A7957D00CEA57C /* OrdersPresenter.swift */ = {isa = PBXFileReference; lastKnownFileType = sourcecode.swift; path = OrdersPresenter.swift; sourceTree = "<group>"; };
		502618B827A7AB1800CEA57C /* OrderListPresenter.swift */ = {isa = PBXFileReference; lastKnownFileType = sourcecode.swift; path = OrderListPresenter.swift; sourceTree = "<group>"; };
		502618BA27A7AEB300CEA57C /* DetailOrderPresenter.swift */ = {isa = PBXFileReference; lastKnownFileType = sourcecode.swift; path = DetailOrderPresenter.swift; sourceTree = "<group>"; };
		502618BC27A7B18F00CEA57C /* CustomTimer.swift */ = {isa = PBXFileReference; lastKnownFileType = sourcecode.swift; path = CustomTimer.swift; sourceTree = "<group>"; };
		502618E227A7EA2A00CEA57C /* ShopSubviewPresenter.swift */ = {isa = PBXFileReference; lastKnownFileType = sourcecode.swift; path = ShopSubviewPresenter.swift; sourceTree = "<group>"; };
		502618E427A7EDC500CEA57C /* ClientSubviewPresenter.swift */ = {isa = PBXFileReference; lastKnownFileType = sourcecode.swift; path = ClientSubviewPresenter.swift; sourceTree = "<group>"; };
		5030A5B027B4CA2100863939 /* UserDefaultsKeys.swift */ = {isa = PBXFileReference; lastKnownFileType = sourcecode.swift; path = UserDefaultsKeys.swift; sourceTree = "<group>"; };
		5030A5D627B504A000863939 /* CourierOrderResponse.swift */ = {isa = PBXFileReference; lastKnownFileType = sourcecode.swift; path = CourierOrderResponse.swift; sourceTree = "<group>"; };
		5031835027ACFD22001C9BEB /* HistoryTableView.swift */ = {isa = PBXFileReference; lastKnownFileType = sourcecode.swift; path = HistoryTableView.swift; sourceTree = "<group>"; };
		5031835227ACFD38001C9BEB /* ScheduleTableView.swift */ = {isa = PBXFileReference; lastKnownFileType = sourcecode.swift; path = ScheduleTableView.swift; sourceTree = "<group>"; };
		5031835427ACFD45001C9BEB /* ProfileView.swift */ = {isa = PBXFileReference; lastKnownFileType = sourcecode.swift; path = ProfileView.swift; sourceTree = "<group>"; };
		5031835727ACFDB1001C9BEB /* HistoryCell.swift */ = {isa = PBXFileReference; lastKnownFileType = sourcecode.swift; path = HistoryCell.swift; sourceTree = "<group>"; };
		5031835927ACFDD7001C9BEB /* ScheduleCell.swift */ = {isa = PBXFileReference; lastKnownFileType = sourcecode.swift; path = ScheduleCell.swift; sourceTree = "<group>"; };
		5031835B27ACFF78001C9BEB /* TabBarController.swift */ = {isa = PBXFileReference; lastKnownFileType = sourcecode.swift; path = TabBarController.swift; sourceTree = "<group>"; };
		5041FE6C27DB4ED800A28CB0 /* ProfilePresenter.swift */ = {isa = PBXFileReference; lastKnownFileType = sourcecode.swift; path = ProfilePresenter.swift; sourceTree = "<group>"; };
		5041FE6E27DB5ADA00A28CB0 /* CourierSlotResponse.swift */ = {isa = PBXFileReference; lastKnownFileType = sourcecode.swift; path = CourierSlotResponse.swift; sourceTree = "<group>"; };
		5043316027A0F679000777A9 /* CustomAlerts.swift */ = {isa = PBXFileReference; lastKnownFileType = sourcecode.swift; path = CustomAlerts.swift; sourceTree = "<group>"; };
		5043316227A0F6D0000777A9 /* CustomSegmentedControl.swift */ = {isa = PBXFileReference; lastKnownFileType = sourcecode.swift; path = CustomSegmentedControl.swift; sourceTree = "<group>"; };
		50475EE627BCC0FA00AD27E2 /* AlertView.swift */ = {isa = PBXFileReference; lastKnownFileType = sourcecode.swift; path = AlertView.swift; sourceTree = "<group>"; };
		5048D95727FD4BE4005BF3D1 /* LocationService.swift */ = {isa = PBXFileReference; lastKnownFileType = sourcecode.swift; path = LocationService.swift; sourceTree = "<group>"; };
		5053619627EC24B900559006 /* EmployeeResponse.swift */ = {isa = PBXFileReference; lastKnownFileType = sourcecode.swift; path = EmployeeResponse.swift; sourceTree = "<group>"; };
		5062EFC7279A734100E4A686 /* OrderListTableView.swift */ = {isa = PBXFileReference; lastKnownFileType = sourcecode.swift; path = OrderListTableView.swift; sourceTree = "<group>"; };
		5062EFC9279A7CD400E4A686 /* OrderListCell.swift */ = {isa = PBXFileReference; lastKnownFileType = sourcecode.swift; path = OrderListCell.swift; sourceTree = "<group>"; };
		5065CCA127993A2700B38BAB /* OrdersView.swift */ = {isa = PBXFileReference; lastKnownFileType = sourcecode.swift; path = OrdersView.swift; sourceTree = "<group>"; };
		5067AEEC27A8F36200010950 /* StateSubview.swift */ = {isa = PBXFileReference; lastKnownFileType = sourcecode.swift; path = StateSubview.swift; sourceTree = "<group>"; };
		506D3C6C28093EA40082FB32 /* MessageView.swift */ = {isa = PBXFileReference; lastKnownFileType = sourcecode.swift; path = MessageView.swift; sourceTree = "<group>"; };
		5070D35327D85AE0008AEC0F /* PickerController.swift */ = {isa = PBXFileReference; lastKnownFileType = sourcecode.swift; path = PickerController.swift; sourceTree = "<group>"; };
		50759FBC27F18B3F0002F7E3 /* OrderStatusResponse.swift */ = {isa = PBXFileReference; lastKnownFileType = sourcecode.swift; path = OrderStatusResponse.swift; sourceTree = "<group>"; };
		5080760927FA9A2F008E763B /* ChooseNavigatorView.swift */ = {isa = PBXFileReference; lastKnownFileType = sourcecode.swift; path = ChooseNavigatorView.swift; sourceTree = "<group>"; };
		5080760B27FA9A8C008E763B /* ChooseNavigatorPresenter.swift */ = {isa = PBXFileReference; lastKnownFileType = sourcecode.swift; path = ChooseNavigatorPresenter.swift; sourceTree = "<group>"; };
		5085083627D8B4D800D0E15A /* ScheduleFooterView.swift */ = {isa = PBXFileReference; lastKnownFileType = sourcecode.swift; path = ScheduleFooterView.swift; sourceTree = "<group>"; };
		5086CE752797CD4500972D6B /* ConfirmLoginView.swift */ = {isa = PBXFileReference; lastKnownFileType = sourcecode.swift; path = ConfirmLoginView.swift; sourceTree = "<group>"; };
		508FA18F28052D4900482528 /* NotificationsActions.swift */ = {isa = PBXFileReference; lastKnownFileType = sourcecode.swift; path = NotificationsActions.swift; sourceTree = "<group>"; };
		509046C72803D58900750FDF /* Notifications.swift */ = {isa = PBXFileReference; lastKnownFileType = sourcecode.swift; path = Notifications.swift; sourceTree = "<group>"; };
		5093F6C2279EA2E300A53157 /* Assets.xcassets */ = {isa = PBXFileReference; lastKnownFileType = folder.assetcatalog; path = Assets.xcassets; sourceTree = "<group>"; };
		50A5731927B3CF0500E3013F /* NetworkManager.swift */ = {isa = PBXFileReference; lastKnownFileType = sourcecode.swift; path = NetworkManager.swift; sourceTree = "<group>"; };
		50A5731B27B3D89E00E3013F /* UserResponse.swift */ = {isa = PBXFileReference; lastKnownFileType = sourcecode.swift; path = UserResponse.swift; sourceTree = "<group>"; };
		50AD10AF2798281000221873 /* CustomButtons.swift */ = {isa = PBXFileReference; lastKnownFileType = sourcecode.swift; path = CustomButtons.swift; sourceTree = "<group>"; };
		50C8186927B6717500AB4C0B /* WaitViewElement.swift */ = {isa = PBXFileReference; lastKnownFileType = sourcecode.swift; path = WaitViewElement.swift; sourceTree = "<group>"; };
		50CBB7B527D9C7D00035DA85 /* HistoryPresenter.swift */ = {isa = PBXFileReference; lastKnownFileType = sourcecode.swift; path = HistoryPresenter.swift; sourceTree = "<group>"; };
		50CBB7BB27D9F19A0035DA85 /* History.swift */ = {isa = PBXFileReference; lastKnownFileType = sourcecode.swift; path = History.swift; sourceTree = "<group>"; };
		50DDAD8127E18F0F00EF83BC /* DetailOrderTableViewFooter.swift */ = {isa = PBXFileReference; lastKnownFileType = sourcecode.swift; path = DetailOrderTableViewFooter.swift; sourceTree = "<group>"; };
		50DDAD8327E1D55E00EF83BC /* DecimalNumberFormatter.swift */ = {isa = PBXFileReference; lastKnownFileType = sourcecode.swift; path = DecimalNumberFormatter.swift; sourceTree = "<group>"; };
		50DFF72427BBA3860066BB37 /* ErrorView.swift */ = {isa = PBXFileReference; lastKnownFileType = sourcecode.swift; path = ErrorView.swift; sourceTree = "<group>"; };
		50DFF72627BBA3960066BB37 /* LoadingView.swift */ = {isa = PBXFileReference; lastKnownFileType = sourcecode.swift; path = LoadingView.swift; sourceTree = "<group>"; };
		50DFF72827BBA3A90066BB37 /* ContentView.swift */ = {isa = PBXFileReference; lastKnownFileType = sourcecode.swift; path = ContentView.swift; sourceTree = "<group>"; };
		50FDDEA227C757BD000B71AF /* Schedule.swift */ = {isa = PBXFileReference; lastKnownFileType = sourcecode.swift; path = Schedule.swift; sourceTree = "<group>"; };
		50FDDEA427C757D4000B71AF /* ScheduleById.swift */ = {isa = PBXFileReference; lastKnownFileType = sourcecode.swift; path = ScheduleById.swift; sourceTree = "<group>"; };
		50FDDEA627C760FE000B71AF /* SchedulePresenter.swift */ = {isa = PBXFileReference; lastKnownFileType = sourcecode.swift; path = SchedulePresenter.swift; sourceTree = "<group>"; };
		50FDDEA827C7610F000B71AF /* ScheduleWeekPresenter.swift */ = {isa = PBXFileReference; lastKnownFileType = sourcecode.swift; path = ScheduleWeekPresenter.swift; sourceTree = "<group>"; };
		50FDDEAA27C78CBA000B71AF /* DateManager.swift */ = {isa = PBXFileReference; lastKnownFileType = sourcecode.swift; path = DateManager.swift; sourceTree = "<group>"; };
		50FFC1CB27B0CAB500478F1D /* ScheduleDayOffCell.swift */ = {isa = PBXFileReference; lastKnownFileType = sourcecode.swift; path = ScheduleDayOffCell.swift; sourceTree = "<group>"; };
		514F1E533DBD914EA9090D18 /* Pods-courier.debug.xcconfig */ = {isa = PBXFileReference; includeInIndex = 1; lastKnownFileType = text.xcconfig; name = "Pods-courier.debug.xcconfig"; path = "Target Support Files/Pods-courier/Pods-courier.debug.xcconfig"; sourceTree = "<group>"; };
		61E5C19813566DC3F4EB7D60 /* Pods-courier.release.xcconfig */ = {isa = PBXFileReference; includeInIndex = 1; lastKnownFileType = text.xcconfig; name = "Pods-courier.release.xcconfig"; path = "Target Support Files/Pods-courier/Pods-courier.release.xcconfig"; sourceTree = "<group>"; };
/* End PBXFileReference section */

/* Begin PBXFrameworksBuildPhase section */
		5016302E2796786A00D0734F /* Frameworks */ = {
			isa = PBXFrameworksBuildPhase;
			buildActionMask = 2147483647;
			files = (
				3F2893DFB2CA845865BD17AB /* Pods_courier.framework in Frameworks */,
			);
			runOnlyForDeploymentPostprocessing = 0;
		};
/* End PBXFrameworksBuildPhase section */

/* Begin PBXGroup section */
		5006FCE527BA2B2F0047DD6A /* UI */ = {
			isa = PBXGroup;
			children = (
				501630512796988000D0734F /* Reusable */,
			);
			path = UI;
			sourceTree = "<group>";
		};
		5006FCE627BA4ED00047DD6A /* TabBar */ = {
			isa = PBXGroup;
			children = (
				5031835B27ACFF78001C9BEB /* TabBarController.swift */,
			);
			path = TabBar;
			sourceTree = "<group>";
		};
		501630282796786A00D0734F = {
			isa = PBXGroup;
			children = (
				501630332796786A00D0734F /* courier */,
				501630322796786A00D0734F /* Products */,
				908A2B9C8E068B40C8AA454B /* Pods */,
				87EEB3AAF5B0F10AC8072765 /* Frameworks */,
			);
			sourceTree = "<group>";
		};
		501630322796786A00D0734F /* Products */ = {
			isa = PBXGroup;
			children = (
				501630312796786A00D0734F /* courier.app */,
			);
			name = Products;
			sourceTree = "<group>";
		};
		501630332796786A00D0734F /* courier */ = {
			isa = PBXGroup;
			children = (
				50A5731827B3CEC400E3013F /* Managers */,
				502618B527A79B5D00CEA57C /* Constants */,
				5016304827968B4800D0734F /* Models */,
				5016304927968B6000D0734F /* Views */,
				5016304B27968B7D00D0734F /* Presenters */,
				5006FCE527BA2B2F0047DD6A /* UI */,
				5016304C27968B9D00D0734F /* Support files */,
			);
			path = courier;
			sourceTree = "<group>";
		};
		5016304827968B4800D0734F /* Models */ = {
			isa = PBXGroup;
			children = (
				5030A5B027B4CA2100863939 /* UserDefaultsKeys.swift */,
				50A5731B27B3D89E00E3013F /* UserResponse.swift */,
				5030A5D627B504A000863939 /* CourierOrderResponse.swift */,
				5006FCEC27BA70990047DD6A /* ErrorResponse.swift */,
				50FDDEA227C757BD000B71AF /* Schedule.swift */,
				50FDDEA427C757D4000B71AF /* ScheduleById.swift */,
				50CBB7BB27D9F19A0035DA85 /* History.swift */,
				5041FE6E27DB5ADA00A28CB0 /* CourierSlotResponse.swift */,
				5053619627EC24B900559006 /* EmployeeResponse.swift */,
				50759FBC27F18B3F0002F7E3 /* OrderStatusResponse.swift */,
			);
			path = Models;
			sourceTree = "<group>";
		};
		5016304927968B6000D0734F /* Views */ = {
			isa = PBXGroup;
			children = (
				50DFF72327BBA05A0066BB37 /* MVPController */,
				5006FCE627BA4ED00047DD6A /* TabBar */,
				50163050279696F500D0734F /* Login */,
				5065CCA02799381300B38BAB /* Orders */,
				5031834D27ACFA94001C9BEB /* History */,
				5031834E27ACFAD8001C9BEB /* Schedule  */,
				5031834F27ACFB04001C9BEB /* Profile */,
			);
			path = Views;
			sourceTree = "<group>";
		};
		5016304B27968B7D00D0734F /* Presenters */ = {
			isa = PBXGroup;
			children = (
				502618AF27A78E5A00CEA57C /* LoginPresenter.swift */,
				502618B127A793FA00CEA57C /* ConfirmLoginPresenter.swift */,
				502618B327A7957D00CEA57C /* OrdersPresenter.swift */,
				502618B827A7AB1800CEA57C /* OrderListPresenter.swift */,
				502618BA27A7AEB300CEA57C /* DetailOrderPresenter.swift */,
				502618E227A7EA2A00CEA57C /* ShopSubviewPresenter.swift */,
				502618E427A7EDC500CEA57C /* ClientSubviewPresenter.swift */,
				50096DF827BF591300ED9769 /* TabBarPresenter.swift */,
				50FDDEA627C760FE000B71AF /* SchedulePresenter.swift */,
				50FDDEA827C7610F000B71AF /* ScheduleWeekPresenter.swift */,
				50CBB7B527D9C7D00035DA85 /* HistoryPresenter.swift */,
				5041FE6C27DB4ED800A28CB0 /* ProfilePresenter.swift */,
				5080760B27FA9A8C008E763B /* ChooseNavigatorPresenter.swift */,
			);
			path = Presenters;
			sourceTree = "<group>";
		};
		5016304C27968B9D00D0734F /* Support files */ = {
			isa = PBXGroup;
			children = (
				501630342796786A00D0734F /* AppDelegate.swift */,
				501630362796786A00D0734F /* SceneDelegate.swift */,
				5016303F2796786B00D0734F /* LaunchScreen.storyboard */,
				501630422796786B00D0734F /* Info.plist */,
				5093F6C2279EA2E300A53157 /* Assets.xcassets */,
			);
			path = "Support files";
			sourceTree = "<group>";
		};
		50163050279696F500D0734F /* Login */ = {
			isa = PBXGroup;
			children = (
				501630382796786A00D0734F /* LoginView.swift */,
				5086CE752797CD4500972D6B /* ConfirmLoginView.swift */,
			);
			path = Login;
			sourceTree = "<group>";
		};
		501630512796988000D0734F /* Reusable */ = {
			isa = PBXGroup;
			children = (
				50AD10AF2798281000221873 /* CustomButtons.swift */,
				500B62E627990E7F00EDC58A /* CustomLabels.swift */,
				500B62E8279913B600EDC58A /* CustomTextFields.swift */,
				500B62EA279919A800EDC58A /* CustomViews.swift */,
				5043316027A0F679000777A9 /* CustomAlerts.swift */,
				5043316227A0F6D0000777A9 /* CustomSegmentedControl.swift */,
				502618BC27A7B18F00CEA57C /* CustomTimer.swift */,
			);
			path = Reusable;
			sourceTree = "<group>";
		};
		502618B527A79B5D00CEA57C /* Constants */ = {
			isa = PBXGroup;
			children = (
				5016304E27968D2100D0734F /* Colors.swift */,
			);
			path = Constants;
			sourceTree = "<group>";
		};
		502618B727A7A80400CEA57C /* DetailOrderSubviews */ = {
			isa = PBXGroup;
			children = (
				501D409C27A27C2300F67C6B /* ShopSubview.swift */,
				501D409E27A27C4B00F67C6B /* ClientSubview.swift */,
				5067AEEC27A8F36200010950 /* StateSubview.swift */,
			);
			path = DetailOrderSubviews;
			sourceTree = "<group>";
		};
		5031834D27ACFA94001C9BEB /* History */ = {
			isa = PBXGroup;
			children = (
				5031835027ACFD22001C9BEB /* HistoryTableView.swift */,
				5031835727ACFDB1001C9BEB /* HistoryCell.swift */,
				5070D35327D85AE0008AEC0F /* PickerController.swift */,
			);
			path = History;
			sourceTree = "<group>";
		};
		5031834E27ACFAD8001C9BEB /* Schedule  */ = {
			isa = PBXGroup;
			children = (
				5031835227ACFD38001C9BEB /* ScheduleTableView.swift */,
				5017ABB027B00A1800C60897 /* ScheduleWeekTableView.swift */,
				50FFC1CA27B0C9AE00478F1D /* TableViewCells */,
				5085083627D8B4D800D0E15A /* ScheduleFooterView.swift */,
			);
			path = "Schedule ";
			sourceTree = "<group>";
		};
		5031834F27ACFB04001C9BEB /* Profile */ = {
			isa = PBXGroup;
			children = (
				5031835427ACFD45001C9BEB /* ProfileView.swift */,
				5080760927FA9A2F008E763B /* ChooseNavigatorView.swift */,
			);
			path = Profile;
			sourceTree = "<group>";
		};
		5062EFC5279A723B00E4A686 /* TableViews */ = {
			isa = PBXGroup;
			children = (
				5062EFC7279A734100E4A686 /* OrderListTableView.swift */,
				501D409827A26EE200F67C6B /* DetailOrderTableView.swift */,
				50DDAD8127E18F0F00EF83BC /* DetailOrderTableViewFooter.swift */,
			);
			path = TableViews;
			sourceTree = "<group>";
		};
		5062EFC6279A725400E4A686 /* TableViewCells */ = {
			isa = PBXGroup;
			children = (
				5062EFC9279A7CD400E4A686 /* OrderListCell.swift */,
				501D409627A248B900F67C6B /* OrderListCompletedOrdersCell.swift */,
				501CE7C327AA46D600C8DC05 /* DetailOrderCell.swift */,
			);
			path = TableViewCells;
			sourceTree = "<group>";
		};
		5065CCA02799381300B38BAB /* Orders */ = {
			isa = PBXGroup;
			children = (
				5065CCA127993A2700B38BAB /* OrdersView.swift */,
				50C8186927B6717500AB4C0B /* WaitViewElement.swift */,
				5062EFC6279A725400E4A686 /* TableViewCells */,
				5062EFC5279A723B00E4A686 /* TableViews */,
				502618B727A7A80400CEA57C /* DetailOrderSubviews */,
				501CE7C727AA88B700C8DC05 /* ThanksView.swift */,
			);
			path = Orders;
			sourceTree = "<group>";
		};
		50A5731827B3CEC400E3013F /* Managers */ = {
			isa = PBXGroup;
			children = (
				5006FCE327BA24A90047DD6A /* ApiService.swift */,
				50A5731927B3CF0500E3013F /* NetworkManager.swift */,
				50FDDEAA27C78CBA000B71AF /* DateManager.swift */,
				50217C4827CF1B630066C3F0 /* PhoneNumberFormatter.swift */,
				50DDAD8327E1D55E00EF83BC /* DecimalNumberFormatter.swift */,
				5048D95727FD4BE4005BF3D1 /* LocationService.swift */,
				509046C72803D58900750FDF /* Notifications.swift */,
				508FA18F28052D4900482528 /* NotificationsActions.swift */,
			);
			path = Managers;
			sourceTree = "<group>";
		};
		50DFF72327BBA05A0066BB37 /* MVPController */ = {
			isa = PBXGroup;
			children = (
				5006FCE727BA69BB0047DD6A /* MVPController.swift */,
				50DFF72427BBA3860066BB37 /* ErrorView.swift */,
				50DFF72627BBA3960066BB37 /* LoadingView.swift */,
				50DFF72827BBA3A90066BB37 /* ContentView.swift */,
				50475EE627BCC0FA00AD27E2 /* AlertView.swift */,
				506D3C6C28093EA40082FB32 /* MessageView.swift */,
			);
			path = MVPController;
			sourceTree = "<group>";
		};
		50FFC1CA27B0C9AE00478F1D /* TableViewCells */ = {
			isa = PBXGroup;
			children = (
				5031835927ACFDD7001C9BEB /* ScheduleCell.swift */,
				5017ABB227B00A4400C60897 /* ScheduleWeekCell.swift */,
				50FFC1CB27B0CAB500478F1D /* ScheduleDayOffCell.swift */,
			);
			path = TableViewCells;
			sourceTree = "<group>";
		};
		87EEB3AAF5B0F10AC8072765 /* Frameworks */ = {
			isa = PBXGroup;
			children = (
				44FF9F942C8704EC956AF11B /* Pods_courier.framework */,
			);
			name = Frameworks;
			sourceTree = "<group>";
		};
		908A2B9C8E068B40C8AA454B /* Pods */ = {
			isa = PBXGroup;
			children = (
				514F1E533DBD914EA9090D18 /* Pods-courier.debug.xcconfig */,
				61E5C19813566DC3F4EB7D60 /* Pods-courier.release.xcconfig */,
			);
			path = Pods;
			sourceTree = "<group>";
		};
/* End PBXGroup section */

/* Begin PBXNativeTarget section */
		501630302796786A00D0734F /* courier */ = {
			isa = PBXNativeTarget;
			buildConfigurationList = 501630452796786B00D0734F /* Build configuration list for PBXNativeTarget "courier" */;
			buildPhases = (
				BFC81670930C4EDBDFC84231 /* [CP] Check Pods Manifest.lock */,
				5016302D2796786A00D0734F /* Sources */,
				5016302E2796786A00D0734F /* Frameworks */,
				5016302F2796786A00D0734F /* Resources */,
				573F3FFD131D25E788FCD008 /* [CP] Embed Pods Frameworks */,
			);
			buildRules = (
			);
			dependencies = (
			);
			name = courier;
			productName = courier;
			productReference = 501630312796786A00D0734F /* courier.app */;
			productType = "com.apple.product-type.application";
		};
/* End PBXNativeTarget section */

/* Begin PBXProject section */
		501630292796786A00D0734F /* Project object */ = {
			isa = PBXProject;
			attributes = {
				BuildIndependentTargetsInParallel = 1;
				LastSwiftUpdateCheck = 1320;
				LastUpgradeCheck = 1320;
				TargetAttributes = {
					501630302796786A00D0734F = {
						CreatedOnToolsVersion = 13.2.1;
					};
				};
			};
			buildConfigurationList = 5016302C2796786A00D0734F /* Build configuration list for PBXProject "courier" */;
			compatibilityVersion = "Xcode 13.0";
			developmentRegion = en;
			hasScannedForEncodings = 0;
			knownRegions = (
				en,
				Base,
			);
			mainGroup = 501630282796786A00D0734F;
			productRefGroup = 501630322796786A00D0734F /* Products */;
			projectDirPath = "";
			projectRoot = "";
			targets = (
				501630302796786A00D0734F /* courier */,
			);
		};
/* End PBXProject section */

/* Begin PBXResourcesBuildPhase section */
		5016302F2796786A00D0734F /* Resources */ = {
			isa = PBXResourcesBuildPhase;
			buildActionMask = 2147483647;
			files = (
				5093F6C3279EA2E300A53157 /* Assets.xcassets in Resources */,
				501630412796786B00D0734F /* LaunchScreen.storyboard in Resources */,
			);
			runOnlyForDeploymentPostprocessing = 0;
		};
/* End PBXResourcesBuildPhase section */

/* Begin PBXShellScriptBuildPhase section */
		573F3FFD131D25E788FCD008 /* [CP] Embed Pods Frameworks */ = {
			isa = PBXShellScriptBuildPhase;
			buildActionMask = 2147483647;
			files = (
			);
			inputFileListPaths = (
				"${PODS_ROOT}/Target Support Files/Pods-courier/Pods-courier-frameworks-${CONFIGURATION}-input-files.xcfilelist",
			);
			name = "[CP] Embed Pods Frameworks";
			outputFileListPaths = (
				"${PODS_ROOT}/Target Support Files/Pods-courier/Pods-courier-frameworks-${CONFIGURATION}-output-files.xcfilelist",
			);
			runOnlyForDeploymentPostprocessing = 0;
			shellPath = /bin/sh;
			shellScript = "\"${PODS_ROOT}/Target Support Files/Pods-courier/Pods-courier-frameworks.sh\"\n";
			showEnvVarsInLog = 0;
		};
		BFC81670930C4EDBDFC84231 /* [CP] Check Pods Manifest.lock */ = {
			isa = PBXShellScriptBuildPhase;
			buildActionMask = 2147483647;
			files = (
			);
			inputFileListPaths = (
			);
			inputPaths = (
				"${PODS_PODFILE_DIR_PATH}/Podfile.lock",
				"${PODS_ROOT}/Manifest.lock",
			);
			name = "[CP] Check Pods Manifest.lock";
			outputFileListPaths = (
			);
			outputPaths = (
				"$(DERIVED_FILE_DIR)/Pods-courier-checkManifestLockResult.txt",
			);
			runOnlyForDeploymentPostprocessing = 0;
			shellPath = /bin/sh;
			shellScript = "diff \"${PODS_PODFILE_DIR_PATH}/Podfile.lock\" \"${PODS_ROOT}/Manifest.lock\" > /dev/null\nif [ $? != 0 ] ; then\n    # print error to STDERR\n    echo \"error: The sandbox is not in sync with the Podfile.lock. Run 'pod install' or update your CocoaPods installation.\" >&2\n    exit 1\nfi\n# This output is used by Xcode 'outputs' to avoid re-running this script phase.\necho \"SUCCESS\" > \"${SCRIPT_OUTPUT_FILE_0}\"\n";
			showEnvVarsInLog = 0;
		};
/* End PBXShellScriptBuildPhase section */

/* Begin PBXSourcesBuildPhase section */
		5016302D2796786A00D0734F /* Sources */ = {
			isa = PBXSourcesBuildPhase;
			buildActionMask = 2147483647;
			files = (
				5017ABB127B00A1800C60897 /* ScheduleWeekTableView.swift in Sources */,
				50AD10B02798281000221873 /* CustomButtons.swift in Sources */,
				50217C4927CF1B630066C3F0 /* PhoneNumberFormatter.swift in Sources */,
				501D409D27A27C2300F67C6B /* ShopSubview.swift in Sources */,
				50DFF72927BBA3A90066BB37 /* ContentView.swift in Sources */,
				50DFF72527BBA3860066BB37 /* ErrorView.swift in Sources */,
				50FDDEA527C757D4000B71AF /* ScheduleById.swift in Sources */,
				502618B227A793FA00CEA57C /* ConfirmLoginPresenter.swift in Sources */,
				5006FCED27BA70990047DD6A /* ErrorResponse.swift in Sources */,
				50DDAD8427E1D55E00EF83BC /* DecimalNumberFormatter.swift in Sources */,
				5086CE762797CD4500972D6B /* ConfirmLoginView.swift in Sources */,
				5062EFCA279A7CD400E4A686 /* OrderListCell.swift in Sources */,
				50FDDEAB27C78CBA000B71AF /* DateManager.swift in Sources */,
				501CE7C827AA88B700C8DC05 /* ThanksView.swift in Sources */,
				5031835127ACFD22001C9BEB /* HistoryTableView.swift in Sources */,
				50FDDEA927C7610F000B71AF /* ScheduleWeekPresenter.swift in Sources */,
				502618B027A78E5A00CEA57C /* LoginPresenter.swift in Sources */,
				50FDDEA327C757BD000B71AF /* Schedule.swift in Sources */,
				5031835327ACFD38001C9BEB /* ScheduleTableView.swift in Sources */,
				5062EFC8279A734100E4A686 /* OrderListTableView.swift in Sources */,
				50096DF927BF591300ED9769 /* TabBarPresenter.swift in Sources */,
				5067AEED27A8F36200010950 /* StateSubview.swift in Sources */,
				500B62E9279913B600EDC58A /* CustomTextFields.swift in Sources */,
				501D409727A248B900F67C6B /* OrderListCompletedOrdersCell.swift in Sources */,
				50CBB7B627D9C7D00035DA85 /* HistoryPresenter.swift in Sources */,
				500B62E727990E7F00EDC58A /* CustomLabels.swift in Sources */,
				502618B927A7AB1800CEA57C /* OrderListPresenter.swift in Sources */,
				5030A5B127B4CA2100863939 /* UserDefaultsKeys.swift in Sources */,
				501630392796786A00D0734F /* LoginView.swift in Sources */,
				502618BB27A7AEB300CEA57C /* DetailOrderPresenter.swift in Sources */,
				501CE7C427AA46D600C8DC05 /* DetailOrderCell.swift in Sources */,
				50C8186A27B6717500AB4C0B /* WaitViewElement.swift in Sources */,
				502618BD27A7B18F00CEA57C /* CustomTimer.swift in Sources */,
				50475EE727BCC0FA00AD27E2 /* AlertView.swift in Sources */,
				5070D35427D85AE0008AEC0F /* PickerController.swift in Sources */,
				50FDDEA727C760FE000B71AF /* SchedulePresenter.swift in Sources */,
				501D409927A26EE200F67C6B /* DetailOrderTableView.swift in Sources */,
				50A5731A27B3CF0500E3013F /* NetworkManager.swift in Sources */,
				5030A5D727B504A000863939 /* CourierOrderResponse.swift in Sources */,
				506D3C6D28093EA40082FB32 /* MessageView.swift in Sources */,
				5031835A27ACFDD7001C9BEB /* ScheduleCell.swift in Sources */,
				508FA19028052D4900482528 /* NotificationsActions.swift in Sources */,
				50A5731C27B3D89E00E3013F /* UserResponse.swift in Sources */,
				502618B427A7957D00CEA57C /* OrdersPresenter.swift in Sources */,
				5048D95827FD4BE4005BF3D1 /* LocationService.swift in Sources */,
				50FFC1CC27B0CAB500478F1D /* ScheduleDayOffCell.swift in Sources */,
				5043316327A0F6D0000777A9 /* CustomSegmentedControl.swift in Sources */,
				5031835C27ACFF78001C9BEB /* TabBarController.swift in Sources */,
				50DFF72727BBA3960066BB37 /* LoadingView.swift in Sources */,
				502618E527A7EDC500CEA57C /* ClientSubviewPresenter.swift in Sources */,
				5080760A27FA9A2F008E763B /* ChooseNavigatorView.swift in Sources */,
				5085083727D8B4D800D0E15A /* ScheduleFooterView.swift in Sources */,
				5006FCE827BA69BB0047DD6A /* MVPController.swift in Sources */,
				50759FBD27F18B3F0002F7E3 /* OrderStatusResponse.swift in Sources */,
				5017ABB327B00A4400C60897 /* ScheduleWeekCell.swift in Sources */,
				5065CCA227993A2700B38BAB /* OrdersView.swift in Sources */,
				5006FCE427BA24A90047DD6A /* ApiService.swift in Sources */,
				5053619727EC24B900559006 /* EmployeeResponse.swift in Sources */,
				509046C82803D58900750FDF /* Notifications.swift in Sources */,
				5031835527ACFD45001C9BEB /* ProfileView.swift in Sources */,
				5043316127A0F679000777A9 /* CustomAlerts.swift in Sources */,
				50CBB7BC27D9F19A0035DA85 /* History.swift in Sources */,
				5016304F27968D2100D0734F /* Colors.swift in Sources */,
				5031835827ACFDB1001C9BEB /* HistoryCell.swift in Sources */,
				50DDAD8227E18F0F00EF83BC /* DetailOrderTableViewFooter.swift in Sources */,
				500B62EB279919A800EDC58A /* CustomViews.swift in Sources */,
				501630352796786A00D0734F /* AppDelegate.swift in Sources */,
				5041FE6D27DB4ED800A28CB0 /* ProfilePresenter.swift in Sources */,
				501630372796786A00D0734F /* SceneDelegate.swift in Sources */,
				5080760C27FA9A8C008E763B /* ChooseNavigatorPresenter.swift in Sources */,
				502618E327A7EA2B00CEA57C /* ShopSubviewPresenter.swift in Sources */,
				5041FE6F27DB5ADA00A28CB0 /* CourierSlotResponse.swift in Sources */,
				501D409F27A27C4B00F67C6B /* ClientSubview.swift in Sources */,
			);
			runOnlyForDeploymentPostprocessing = 0;
		};
/* End PBXSourcesBuildPhase section */

/* Begin PBXVariantGroup section */
		5016303F2796786B00D0734F /* LaunchScreen.storyboard */ = {
			isa = PBXVariantGroup;
			children = (
				501630402796786B00D0734F /* Base */,
			);
			name = LaunchScreen.storyboard;
			sourceTree = "<group>";
		};
/* End PBXVariantGroup section */

/* Begin XCBuildConfiguration section */
		501630432796786B00D0734F /* Debug */ = {
			isa = XCBuildConfiguration;
			buildSettings = {
				ALWAYS_SEARCH_USER_PATHS = NO;
				CLANG_ANALYZER_NONNULL = YES;
				CLANG_ANALYZER_NUMBER_OBJECT_CONVERSION = YES_AGGRESSIVE;
				CLANG_CXX_LANGUAGE_STANDARD = "gnu++17";
				CLANG_CXX_LIBRARY = "libc++";
				CLANG_ENABLE_MODULES = YES;
				CLANG_ENABLE_OBJC_ARC = YES;
				CLANG_ENABLE_OBJC_WEAK = YES;
				CLANG_WARN_BLOCK_CAPTURE_AUTORELEASING = YES;
				CLANG_WARN_BOOL_CONVERSION = YES;
				CLANG_WARN_COMMA = YES;
				CLANG_WARN_CONSTANT_CONVERSION = YES;
				CLANG_WARN_DEPRECATED_OBJC_IMPLEMENTATIONS = YES;
				CLANG_WARN_DIRECT_OBJC_ISA_USAGE = YES_ERROR;
				CLANG_WARN_DOCUMENTATION_COMMENTS = YES;
				CLANG_WARN_EMPTY_BODY = YES;
				CLANG_WARN_ENUM_CONVERSION = YES;
				CLANG_WARN_INFINITE_RECURSION = YES;
				CLANG_WARN_INT_CONVERSION = YES;
				CLANG_WARN_NON_LITERAL_NULL_CONVERSION = YES;
				CLANG_WARN_OBJC_IMPLICIT_RETAIN_SELF = YES;
				CLANG_WARN_OBJC_LITERAL_CONVERSION = YES;
				CLANG_WARN_OBJC_ROOT_CLASS = YES_ERROR;
				CLANG_WARN_QUOTED_INCLUDE_IN_FRAMEWORK_HEADER = YES;
				CLANG_WARN_RANGE_LOOP_ANALYSIS = YES;
				CLANG_WARN_STRICT_PROTOTYPES = YES;
				CLANG_WARN_SUSPICIOUS_MOVE = YES;
				CLANG_WARN_UNGUARDED_AVAILABILITY = YES_AGGRESSIVE;
				CLANG_WARN_UNREACHABLE_CODE = YES;
				CLANG_WARN__DUPLICATE_METHOD_MATCH = YES;
				COPY_PHASE_STRIP = NO;
				DEBUG_INFORMATION_FORMAT = dwarf;
				ENABLE_STRICT_OBJC_MSGSEND = YES;
				ENABLE_TESTABILITY = YES;
				GCC_C_LANGUAGE_STANDARD = gnu11;
				GCC_DYNAMIC_NO_PIC = NO;
				GCC_NO_COMMON_BLOCKS = YES;
				GCC_OPTIMIZATION_LEVEL = 0;
				GCC_PREPROCESSOR_DEFINITIONS = (
					"DEBUG=1",
					"$(inherited)",
				);
				GCC_WARN_64_TO_32_BIT_CONVERSION = YES;
				GCC_WARN_ABOUT_RETURN_TYPE = YES_ERROR;
				GCC_WARN_UNDECLARED_SELECTOR = YES;
				GCC_WARN_UNINITIALIZED_AUTOS = YES_AGGRESSIVE;
				GCC_WARN_UNUSED_FUNCTION = YES;
				GCC_WARN_UNUSED_VARIABLE = YES;
				IPHONEOS_DEPLOYMENT_TARGET = 15.2;
				MTL_ENABLE_DEBUG_INFO = INCLUDE_SOURCE;
				MTL_FAST_MATH = YES;
				ONLY_ACTIVE_ARCH = YES;
				SDKROOT = iphoneos;
				SWIFT_ACTIVE_COMPILATION_CONDITIONS = DEBUG;
				SWIFT_OPTIMIZATION_LEVEL = "-Onone";
			};
			name = Debug;
		};
		501630442796786B00D0734F /* Release */ = {
			isa = XCBuildConfiguration;
			buildSettings = {
				ALWAYS_SEARCH_USER_PATHS = NO;
				CLANG_ANALYZER_NONNULL = YES;
				CLANG_ANALYZER_NUMBER_OBJECT_CONVERSION = YES_AGGRESSIVE;
				CLANG_CXX_LANGUAGE_STANDARD = "gnu++17";
				CLANG_CXX_LIBRARY = "libc++";
				CLANG_ENABLE_MODULES = YES;
				CLANG_ENABLE_OBJC_ARC = YES;
				CLANG_ENABLE_OBJC_WEAK = YES;
				CLANG_WARN_BLOCK_CAPTURE_AUTORELEASING = YES;
				CLANG_WARN_BOOL_CONVERSION = YES;
				CLANG_WARN_COMMA = YES;
				CLANG_WARN_CONSTANT_CONVERSION = YES;
				CLANG_WARN_DEPRECATED_OBJC_IMPLEMENTATIONS = YES;
				CLANG_WARN_DIRECT_OBJC_ISA_USAGE = YES_ERROR;
				CLANG_WARN_DOCUMENTATION_COMMENTS = YES;
				CLANG_WARN_EMPTY_BODY = YES;
				CLANG_WARN_ENUM_CONVERSION = YES;
				CLANG_WARN_INFINITE_RECURSION = YES;
				CLANG_WARN_INT_CONVERSION = YES;
				CLANG_WARN_NON_LITERAL_NULL_CONVERSION = YES;
				CLANG_WARN_OBJC_IMPLICIT_RETAIN_SELF = YES;
				CLANG_WARN_OBJC_LITERAL_CONVERSION = YES;
				CLANG_WARN_OBJC_ROOT_CLASS = YES_ERROR;
				CLANG_WARN_QUOTED_INCLUDE_IN_FRAMEWORK_HEADER = YES;
				CLANG_WARN_RANGE_LOOP_ANALYSIS = YES;
				CLANG_WARN_STRICT_PROTOTYPES = YES;
				CLANG_WARN_SUSPICIOUS_MOVE = YES;
				CLANG_WARN_UNGUARDED_AVAILABILITY = YES_AGGRESSIVE;
				CLANG_WARN_UNREACHABLE_CODE = YES;
				CLANG_WARN__DUPLICATE_METHOD_MATCH = YES;
				COPY_PHASE_STRIP = NO;
				DEBUG_INFORMATION_FORMAT = "dwarf-with-dsym";
				ENABLE_NS_ASSERTIONS = NO;
				ENABLE_STRICT_OBJC_MSGSEND = YES;
				GCC_C_LANGUAGE_STANDARD = gnu11;
				GCC_NO_COMMON_BLOCKS = YES;
				GCC_WARN_64_TO_32_BIT_CONVERSION = YES;
				GCC_WARN_ABOUT_RETURN_TYPE = YES_ERROR;
				GCC_WARN_UNDECLARED_SELECTOR = YES;
				GCC_WARN_UNINITIALIZED_AUTOS = YES_AGGRESSIVE;
				GCC_WARN_UNUSED_FUNCTION = YES;
				GCC_WARN_UNUSED_VARIABLE = YES;
				IPHONEOS_DEPLOYMENT_TARGET = 15.2;
				MTL_ENABLE_DEBUG_INFO = NO;
				MTL_FAST_MATH = YES;
				SDKROOT = iphoneos;
				SWIFT_COMPILATION_MODE = wholemodule;
				SWIFT_OPTIMIZATION_LEVEL = "-O";
				VALIDATE_PRODUCT = YES;
			};
			name = Release;
		};
		501630462796786B00D0734F /* Debug */ = {
			isa = XCBuildConfiguration;
			baseConfigurationReference = 514F1E533DBD914EA9090D18 /* Pods-courier.debug.xcconfig */;
			buildSettings = {
				ASSETCATALOG_COMPILER_APPICON_NAME = AppIcon;
				ASSETCATALOG_COMPILER_GLOBAL_ACCENT_COLOR_NAME = AccentColor;
				CODE_SIGN_STYLE = Automatic;
				CURRENT_PROJECT_VERSION = 1;
				DEVELOPMENT_TEAM = MNLX298A3Y;
				GENERATE_INFOPLIST_FILE = YES;
				INFOPLIST_FILE = "courier/Support files/Info.plist";
				INFOPLIST_KEY_NSLocationWhenInUseUsageDescription = "Для возможности отслеживания геолокации в фоне, требуется выбрать ПРИ ИСПОЛЬЗОВАНИИ";
				INFOPLIST_KEY_UIApplicationSupportsIndirectInputEvents = YES;
				INFOPLIST_KEY_UILaunchStoryboardName = LaunchScreen;
				INFOPLIST_KEY_UISupportedInterfaceOrientations = UIInterfaceOrientationPortrait;
				INFOPLIST_KEY_UISupportedInterfaceOrientations_iPad = "UIInterfaceOrientationPortrait UIInterfaceOrientationPortraitUpsideDown UIInterfaceOrientationLandscapeLeft UIInterfaceOrientationLandscapeRight";
				INFOPLIST_KEY_UISupportedInterfaceOrientations_iPhone = "UIInterfaceOrientationPortrait UIInterfaceOrientationLandscapeLeft UIInterfaceOrientationLandscapeRight";
				IPHONEOS_DEPLOYMENT_TARGET = 10.0;
				LD_RUNPATH_SEARCH_PATHS = (
					"$(inherited)",
					"@executable_path/Frameworks",
				);
				MARKETING_VERSION = 1.0;
				PRODUCT_BUNDLE_IDENTIFIER = kz.emenu.courierr;
				PRODUCT_NAME = "$(TARGET_NAME)";
				SWIFT_EMIT_LOC_STRINGS = YES;
				SWIFT_VERSION = 5.0;
				TARGETED_DEVICE_FAMILY = 1;
			};
			name = Debug;
		};
		501630472796786B00D0734F /* Release */ = {
			isa = XCBuildConfiguration;
			baseConfigurationReference = 61E5C19813566DC3F4EB7D60 /* Pods-courier.release.xcconfig */;
			buildSettings = {
				ASSETCATALOG_COMPILER_APPICON_NAME = AppIcon;
				ASSETCATALOG_COMPILER_GLOBAL_ACCENT_COLOR_NAME = AccentColor;
				CODE_SIGN_STYLE = Automatic;
				CURRENT_PROJECT_VERSION = 1;
				DEVELOPMENT_TEAM = MNLX298A3Y;
				GENERATE_INFOPLIST_FILE = YES;
				INFOPLIST_FILE = "courier/Support files/Info.plist";
				INFOPLIST_KEY_NSLocationWhenInUseUsageDescription = "Для возможности отслеживания геолокации в фоне, требуется выбрать ПРИ ИСПОЛЬЗОВАНИИ";
				INFOPLIST_KEY_UIApplicationSupportsIndirectInputEvents = YES;
				INFOPLIST_KEY_UILaunchStoryboardName = LaunchScreen;
				INFOPLIST_KEY_UISupportedInterfaceOrientations = UIInterfaceOrientationPortrait;
				INFOPLIST_KEY_UISupportedInterfaceOrientations_iPad = "UIInterfaceOrientationPortrait UIInterfaceOrientationPortraitUpsideDown UIInterfaceOrientationLandscapeLeft UIInterfaceOrientationLandscapeRight";
				INFOPLIST_KEY_UISupportedInterfaceOrientations_iPhone = "UIInterfaceOrientationPortrait UIInterfaceOrientationLandscapeLeft UIInterfaceOrientationLandscapeRight";
				IPHONEOS_DEPLOYMENT_TARGET = 10.0;
				LD_RUNPATH_SEARCH_PATHS = (
					"$(inherited)",
					"@executable_path/Frameworks",
				);
				MARKETING_VERSION = 1.0;
				PRODUCT_BUNDLE_IDENTIFIER = kz.emenu.courierr;
				PRODUCT_NAME = "$(TARGET_NAME)";
				SWIFT_EMIT_LOC_STRINGS = YES;
				SWIFT_VERSION = 5.0;
				TARGETED_DEVICE_FAMILY = 1;
			};
			name = Release;
		};
/* End XCBuildConfiguration section */

/* Begin XCConfigurationList section */
		5016302C2796786A00D0734F /* Build configuration list for PBXProject "courier" */ = {
			isa = XCConfigurationList;
			buildConfigurations = (
				501630432796786B00D0734F /* Debug */,
				501630442796786B00D0734F /* Release */,
			);
			defaultConfigurationIsVisible = 0;
			defaultConfigurationName = Release;
		};
		501630452796786B00D0734F /* Build configuration list for PBXNativeTarget "courier" */ = {
			isa = XCConfigurationList;
			buildConfigurations = (
				501630462796786B00D0734F /* Debug */,
				501630472796786B00D0734F /* Release */,
			);
			defaultConfigurationIsVisible = 0;
			defaultConfigurationName = Release;
		};
/* End XCConfigurationList section */
	};
	rootObject = 501630292796786A00D0734F /* Project object */;
}
